// !$*UTF8*$!
{
	archiveVersion = 1;
	classes = {
	};
	objectVersion = 77;
	objects = {

/* Begin PBXBuildFile section */
		002709A0C1454019B429939D /* iosApp/Core/Networking/SyrmosSchedulesService.swift in Sources */ = {isa = PBXBuildFile; fileRef = 0F174A75E7C14871B9B77CAE /* iosApp/Core/Networking/SyrmosSchedulesService.swift */; };
		017B77BFA04BA95743C5C7EA /* Assets.xcassets in Resources */ = {isa = PBXBuildFile; fileRef = E3F4A5B6C7D80912A3B4C5D6 /* Assets.xcassets */; };
		020B9BA01E714B238FC04496 /* iosApp/Features/WhatsNew/WhatsNewView.swift in Sources */ = {isa = PBXBuildFile; fileRef = 2D67A43DD93145FBB9809123 /* iosApp/Features/WhatsNew/WhatsNewView.swift */; };
		03329116BFDB4F16A2A9B937 /* iosApp/DesignSystem/ThemeManager.swift in Sources */ = {isa = PBXBuildFile; fileRef = 37E20527B3ED48E6806B8138 /* iosApp/DesignSystem/ThemeManager.swift */; };
		0A17A710F00D0710F00D0710 /* iosApp/DesignSystem/OfflinePill.swift in Sources */ = {isa = PBXBuildFile; fileRef = 0A17A711F00D0711F00D0711 /* iosApp/DesignSystem/OfflinePill.swift */; };
		0A17A712F00D0712F00D0712 /* iosApp/DesignSystem/SyrmosAnimations.swift in Sources */ = {isa = PBXBuildFile; fileRef = 0A17A713F00D0713F00D0713 /* iosApp/DesignSystem/SyrmosAnimations.swift */; };
		0A17A714F00D0714F00D0714 /* AlertDetailSheet.swift in Sources */ = {isa = PBXBuildFile; fileRef = 0A17A715F00D0715F00D0715 /* AlertDetailSheet.swift */; };
		03FBB75EEE74C7E43F7A609A /* SettingsView.swift in Sources */ = {isa = PBXBuildFile; fileRef = 836DE84E99C06ABA19E71805 /* SettingsView.swift */; };
		03FBB75EEE74C7E43F7A609B /* iosApp/DesignSystem/CompactTabHeader.swift in Sources */ = {isa = PBXBuildFile; fileRef = 836DE84E99C06ABA19E71806 /* iosApp/DesignSystem/CompactTabHeader.swift */; };
		0658B8596FD64D0EB5BE30A0 /* iosApp/Features/Fares/FaresView.swift in Sources */ = {isa = PBXBuildFile; fileRef = DD55D549DBE24531BEA4597D /* iosApp/Features/Fares/FaresView.swift */; };
		090D4A73C523583CAAB95EAC /* LineDetailView.swift in Sources */ = {isa = PBXBuildFile; fileRef = 830DD3BBB8DD51E24EE2ABE7 /* LineDetailView.swift */; };
		0FC202D00E8A46C389296714 /* Resources/seed-schedules-v2 in Resources */ = {isa = PBXBuildFile; fileRef = AABB01CD02EF030405060709 /* Resources/seed-schedules-v2 */; };
		12D1B2FE4D803668E2481F2D /* Foundation.framework in Frameworks */ = {isa = PBXBuildFile; fileRef = 0EF7A1B273F9EE8EBD309C64 /* Foundation.framework */; };
		15204646A0A673BDF0D30FCF /* llama.xcframework in Frameworks */ = {isa = PBXBuildFile; fileRef = 3D8B4CA7955E1724CF96A1AD /* llama.xcframework */; };
		204183F8B0D84A90A83F834D /* iosApp/DesignSystem/WidgetKit/LinePill.swift in Sources */ = {isa = PBXBuildFile; fileRef = AEEEF0962C64453194C74A7D /* iosApp/DesignSystem/WidgetKit/LinePill.swift */; };
		25288E10152B593D7B7A8D35 /* SyrmosWatchComplications.appex in Embed Foundation Extensions */ = {isa = PBXBuildFile; fileRef = 0CC57A007A9CFBEF45359A28 /* SyrmosWatchComplications.appex */; settings = {ATTRIBUTES = (RemoveHeadersOnCopy, ); }; };
		26AC636F7C9B467B9097F8F6 /* iosApp/Features/Timetables/TimetablesIcons.swift in Sources */ = {isa = PBXBuildFile; fileRef = DBADA13AF3954288A721329B /* iosApp/Features/Timetables/TimetablesIcons.swift */; };
		28B86D763BF517E19CF4DB5D /* SuburbanProjectionTests.swift in Sources */ = {isa = PBXBuildFile; fileRef = BF6FDC539EEBEA3DCEA3416B /* SuburbanProjectionTests.swift */; };
		2AC047F768ED40C49CDCC90B /* iosApp/Core/Networking/WidgetBridge.swift in Sources */ = {isa = PBXBuildFile; fileRef = DD50BCD053B64059B6D3A243 /* iosApp/Core/Networking/WidgetBridge.swift */; };
		2FDAB04CAE6E25AD392B1E99 /* iosApp/Core/Schedule/StationCoordinates.swift in Sources */ = {isa = PBXBuildFile; fileRef = 2F0AC3ECFD5A2387CA6CFEFB /* iosApp/Core/Schedule/StationCoordinates.swift */; };
		37F4634210E64A09819E5A76 /* iosApp/Core/Persistence/SyrmosStationOffsetsStore.swift in Sources */ = {isa = PBXBuildFile; fileRef = F7CC446436C541DC9D86F2C1 /* iosApp/Core/Persistence/SyrmosStationOffsetsStore.swift */; };
		3CC04D0831F54B17495246AC /* ScheduleProjectorTests.swift in Sources */ = {isa = PBXBuildFile; fileRef = 87C1AB3CF938A60DF7285C1F /* ScheduleProjectorTests.swift */; };
		3F12F021ECD240BE97B74BB9 /* iosApp/Core/Persistence/SyrmosSchedulesStore.swift in Sources */ = {isa = PBXBuildFile; fileRef = 5439E65484C3427EAA190AAB /* iosApp/Core/Persistence/SyrmosSchedulesStore.swift */; };
		43624A138DF31948BB4FA7F2 /* AriadneModelStore.swift in Sources */ = {isa = PBXBuildFile; fileRef = FE854D92A6C68AEAC8E0603F /* AriadneModelStore.swift */; };
		470A39F895004D4CB8BC04D4 /* iosApp/Core/Persistence/SyrmosTrainTimestampsStore.swift in Sources */ = {isa = PBXBuildFile; fileRef = DDA99E493B0C4CA48ECE53BD /* iosApp/Core/Persistence/SyrmosTrainTimestampsStore.swift */; };
		4B9E757154C3AEF92629B854 /* SyrmosWatch/WatchContentView.swift in Sources */ = {isa = PBXBuildFile; fileRef = 2F7F86E13C39694BA17FD740 /* SyrmosWatch/WatchContentView.swift */; };
		4DFE1212D427449286398220 /* iosApp/Shared/StationMapSheet.swift in Sources */ = {isa = PBXBuildFile; fileRef = C9C9AAE5D2E14B71AFAB3C2F /* iosApp/Shared/StationMapSheet.swift */; };
		562D2C66362545CB97D3E515 /* iosApp/DesignSystem/WidgetKit/StationStripFull.swift in Sources */ = {isa = PBXBuildFile; fileRef = D0EB6C1444B246B3AB9CF185 /* iosApp/DesignSystem/WidgetKit/StationStripFull.swift */; };
		59B190E857ABADADF2CC90C3 /* StationDetailView.swift in Sources */ = {isa = PBXBuildFile; fileRef = DDCB57EF47F5B2293727841A /* StationDetailView.swift */; };
		68F1F7047DBA43CC970CCF92 /* iosApp/DesignSystem/WidgetKit/LiquidGlassTile.swift in Sources */ = {isa = PBXBuildFile; fileRef = 53C0854D3D8A40F9A9F267E9 /* iosApp/DesignSystem/WidgetKit/LiquidGlassTile.swift */; };
		691E35E631ED478590A0F25F /* iosApp/Core/Networking/SyrmosSchedulesService.swift in Sources */ = {isa = PBXBuildFile; fileRef = 0F174A75E7C14871B9B77CAE /* iosApp/Core/Networking/SyrmosSchedulesService.swift */; };
		695053E938CCE178E8FEAAC9 /* iosApp/DesignSystem/SyrmosColors.swift in Sources */ = {isa = PBXBuildFile; fileRef = 28CB0FF1A8E58A05798DED77 /* iosApp/DesignSystem/SyrmosColors.swift */; };
		726F4319319A4CEF912673CB /* iosApp/Core/Persistence/SyrmosRouteShapesStore.swift in Sources */ = {isa = PBXBuildFile; fileRef = F7CC446436C541DC9D86F2C2 /* iosApp/Core/Persistence/SyrmosRouteShapesStore.swift */; };
		736E6FA5879F4B30A1B60B9C /* iosApp/DesignSystem/WidgetKit/SyrmosLineTokens.swift in Sources */ = {isa = PBXBuildFile; fileRef = D32687A748EF4519991403D6 /* iosApp/DesignSystem/WidgetKit/SyrmosLineTokens.swift */; };
		7469233EA00146DB9444F7BB /* iosApp/Core/Networking/LivePositionsService.swift in Sources */ = {isa = PBXBuildFile; fileRef = E1A2B3C4D5E60718293A4B6F /* iosApp/Core/Networking/LivePositionsService.swift */; };
		75F149A8840774EF3A2145D1 /* LlamaSession.swift in Sources */ = {isa = PBXBuildFile; fileRef = EBAF468AA4244E1A6FF45B64 /* LlamaSession.swift */; };
		7BA0F0893BD64501A7EAC5A1 /* iosApp/Core/Schedule/StationCoordinates.swift in Sources */ = {isa = PBXBuildFile; fileRef = 2F0AC3ECFD5A2387CA6CFEFB /* iosApp/Core/Schedule/StationCoordinates.swift */; };
		7C684B9562B2126A07E23D4C /* SyrmosWatch/SyrmosWatchApp.swift in Sources */ = {isa = PBXBuildFile; fileRef = 89C75E63D8FD8430063F61D0 /* SyrmosWatch/SyrmosWatchApp.swift */; };
		7F9E63555C75A414D8BC9D39 /* SyrmosWatch/WatchSpeech.swift in Sources */ = {isa = PBXBuildFile; fileRef = CEF31ACE2630B3EA36DBE66E /* SyrmosWatch/WatchSpeech.swift */; };
		80408BB654634CB9A5BEFE52 /* iosApp/Core/Schedule/AirportData.swift in Sources */ = {isa = PBXBuildFile; fileRef = 571BD2789A52441AB0C26BF2 /* iosApp/Core/Schedule/AirportData.swift */; };
		8218D06AFB1A4111BBE6A6BA /* iosApp/Core/Persistence/SyrmosVisualOverridesStore.swift in Sources */ = {isa = PBXBuildFile; fileRef = 51972231C37146A79B5760E4 /* iosApp/Core/Persistence/SyrmosVisualOverridesStore.swift */; };
		8A72EAE7260D46FDA05D490B /* iosApp/Shared/SafariSheet.swift in Sources */ = {isa = PBXBuildFile; fileRef = 551315413AD2438B8C7F5FF0 /* iosApp/Shared/SafariSheet.swift */; };
		8F1DB37A07CE4F4E877F3E52 /* iosApp/Core/Schedule/WatchSessionManager.swift in Sources */ = {isa = PBXBuildFile; fileRef = 889F9EDE14524E2DA3F4B3B5 /* iosApp/Core/Schedule/WatchSessionManager.swift */; };
		8FD7065798C557186BA57411 /* LinesView.swift in Sources */ = {isa = PBXBuildFile; fileRef = 18D0CA28E96EEF13502C887F /* LinesView.swift */; };
		8FEFDAADF8474EE0AD94377E /* iosApp/DesignSystem/WidgetKit/LiquidGlassTile.swift in Sources */ = {isa = PBXBuildFile; fileRef = 53C0854D3D8A40F9A9F267E9 /* iosApp/DesignSystem/WidgetKit/LiquidGlassTile.swift */; };
		9412470679966D24ED107169 /* Foundation.framework in Frameworks */ = {isa = PBXBuildFile; fileRef = BD63C5586DB5B3F0921AC1D6 /* Foundation.framework */; };
		980A534651EFC2013B8ED38F /* iosApp/Core/Schedule/TransitData.swift in Sources */ = {isa = PBXBuildFile; fileRef = 748CC40BCBDC9D468CD371B8 /* iosApp/Core/Schedule/TransitData.swift */; };
		9C1FEB967B3B4F0897AC98ED /* iosApp/Core/Networking/BackgroundRefresh.swift in Sources */ = {isa = PBXBuildFile; fileRef = 1EF7713235D346D68B6F96E8 /* iosApp/Core/Networking/BackgroundRefresh.swift */; };
		A1B2C3D4E5F60718192A3B4C /* iosApp/Core/Networking/STASYService.swift in Sources */ = {isa = PBXBuildFile; fileRef = D1E2F3A4B5C6071829304142 /* iosApp/Core/Networking/STASYService.swift */; };
		EEC6AA6A80ADDB9629326CDF /* iosApp/Core/Networking/RailNewsService.swift in Sources */ = {isa = PBXBuildFile; fileRef = 31E31FFAA5B22EE54B9E980E /* iosApp/Core/Networking/RailNewsService.swift */; };
		A1C2D3E4F50607182930A1B3 /* iosApp/Core/Networking/AriadneAPIService.swift in Sources */ = {isa = PBXBuildFile; fileRef = A1C2D3E4F50607182930A1B2 /* iosApp/Core/Networking/AriadneAPIService.swift */; };
		A1B2C3D4E5F60718293A4B01 /* LaunchScreen.storyboard in Resources */ = {isa = PBXBuildFile; fileRef = A1B2C3D4E5F60718293A4B00 /* LaunchScreen.storyboard */; };
		A2AF349B478106204EC5E0A7 /* HomeView.swift in Sources */ = {isa = PBXBuildFile; fileRef = F9632839850F8DA49BA56324 /* HomeView.swift */; };
		A3EA76BA0F7C855E281D4342 /* SyrmosWatch/WatchModels.swift in Sources */ = {isa = PBXBuildFile; fileRef = 292764518958617840FE187E /* SyrmosWatch/WatchModels.swift */; };
		A8A479D2EBC54B139122C16E /* iosApp/DesignSystem/WidgetKit/StationStripCompact.swift in Sources */ = {isa = PBXBuildFile; fileRef = 67E08E447B8F49FE84CAA194 /* iosApp/DesignSystem/WidgetKit/StationStripCompact.swift */; };
		AA11BB22CC33DD44EE55BC01 /* TrackingCardBody.swift in Sources */ = {isa = PBXBuildFile; fileRef = AA11BB22CC33DD44EE55BC02 /* TrackingCardBody.swift */; };
		AA11BB22CC33DD44EE55BD01 /* TrackPickerSheet.swift in Sources */ = {isa = PBXBuildFile; fileRef = AA11BB22CC33DD44EE55BD02 /* TrackPickerSheet.swift */; };
		AA11BB22CC33DD44EE55BE01 /* EmergencyWeatherCard.swift in Sources */ = {isa = PBXBuildFile; fileRef = AA11BB22CC33DD44EE55BE02 /* EmergencyWeatherCard.swift */; };
		AA11BB22CC33DD44EE55FF66 /* StationIconNames.swift in Sources */ = {isa = PBXBuildFile; fileRef = AA11BB22CC33DD44EE55FF67 /* StationIconNames.swift */; };
		B1C2D3E4F5A607182939AAAA /* LiveStreamPlayerView.swift in Sources */ = {isa = PBXBuildFile; fileRef = B1C2D3E4F5A607182939AABB /* LiveStreamPlayerView.swift */; };
		AAAA111111111111111111B1 /* iosApp/Features/Onboarding/OnboardingView.swift in Sources */ = {isa = PBXBuildFile; fileRef = AAAA111111111111111111B2 /* iosApp/Features/Onboarding/OnboardingView.swift */; };
		AAAA111111111111111111B3 /* iosApp/Features/Onboarding/OnboardingMeshBackground.swift in Sources */ = {isa = PBXBuildFile; fileRef = AAAA111111111111111111B4 /* iosApp/Features/Onboarding/OnboardingMeshBackground.swift */; };
		AABB01CD02EF030405060708 /* Resources/seed-schedules-v2 in Resources */ = {isa = PBXBuildFile; fileRef = AABB01CD02EF030405060709 /* Resources/seed-schedules-v2 */; };
		AB532D96B1C7F1C32AE17B06 /* SyrmosWatch/SyrmosWatchComplications.swift in Sources */ = {isa = PBXBuildFile; fileRef = B321F78C955813F66BA4C930 /* SyrmosWatch/SyrmosWatchComplications.swift */; };
		AC74A75A5E7742A6A2AC71B3 /* SyrmosWidget/SyrmosWidgets.swift in Sources */ = {isa = PBXBuildFile; fileRef = 7FCA4BF462F847AA856D94DB /* SyrmosWidget/SyrmosWidgets.swift */; };
		AE7DE0584EF948EFB5BB3FC1 /* iosApp/DesignSystem/WidgetKit/StationStripCompact.swift in Sources */ = {isa = PBXBuildFile; fileRef = 67E08E447B8F49FE84CAA194 /* iosApp/DesignSystem/WidgetKit/StationStripCompact.swift */; };
		B0F1906F29BD4E9FB9B33721 /* iosApp/DesignSystem/SyrmosColors.swift in Sources */ = {isa = PBXBuildFile; fileRef = 28CB0FF1A8E58A05798DED77 /* iosApp/DesignSystem/SyrmosColors.swift */; };
		B100649A9FE24D65B49698FC /* iosApp/Core/Localization/Localization.swift in Sources */ = {isa = PBXBuildFile; fileRef = C3D4E5F60718293A4B5C6D7E /* iosApp/Core/Localization/Localization.swift */; };
		B264406F57304E569BAAED79 /* iosApp/Features/Timetables/TimetablesView.swift in Sources */ = {isa = PBXBuildFile; fileRef = 09288EF8307B4CDC9D065AED /* iosApp/Features/Timetables/TimetablesView.swift */; };
		B2C3D4E5F6071829A3B4C5D6 /* iosApp/Core/Localization/Localization.swift in Sources */ = {isa = PBXBuildFile; fileRef = C3D4E5F60718293A4B5C6D7E /* iosApp/Core/Localization/Localization.swift */; };
		B3621A83DE8D374BF385359C /* SyrmosWatch/WatchNearbyView.swift in Sources */ = {isa = PBXBuildFile; fileRef = 1FE6A64F2930A00B9F04C461 /* SyrmosWatch/WatchNearbyView.swift */; };
		B3CF93A36099BA1907847163 /* iosApp/App/SyrmosApp.swift in Sources */ = {isa = PBXBuildFile; fileRef = 287CAA4712C3ADBF08B416E3 /* iosApp/App/SyrmosApp.swift */; };
		BB22CC33DD44EE55FF660011 /* iosApp/Core/Location/LocationService.swift in Sources */ = {isa = PBXBuildFile; fileRef = BB22CC33DD44EE55FF660012 /* iosApp/Core/Location/LocationService.swift */; };
		CCDD11223344556677880011 /* iosApp/Core/Notifications/NotificationService.swift in Sources */ = {isa = PBXBuildFile; fileRef = CCDD11223344556677880012 /* iosApp/Core/Notifications/NotificationService.swift */; };
		CCDD11223344556677880021 /* iosApp/Core/Notifications/DeepLinkRouter.swift in Sources */ = {isa = PBXBuildFile; fileRef = CCDD11223344556677880022 /* iosApp/Core/Notifications/DeepLinkRouter.swift */; };
		BB96CED5F61B446CBA6D87C5 /* iosApp/DesignSystem/WidgetKit/DepartureRowCompact.swift in Sources */ = {isa = PBXBuildFile; fileRef = 933E6F89FEA54214B1B2AE31 /* iosApp/DesignSystem/WidgetKit/DepartureRowCompact.swift */; };
		BCB2D8DDE0D14B2D8664EC16 /* iosApp/Core/Persistence/SyrmosSchedulesStore.swift in Sources */ = {isa = PBXBuildFile; fileRef = 5439E65484C3427EAA190AAB /* iosApp/Core/Persistence/SyrmosSchedulesStore.swift */; };
		C173574BC2DC4C0F9D5C159E /* iosApp/DesignSystem/WidgetKit/DepartureRowCompact.swift in Sources */ = {isa = PBXBuildFile; fileRef = 933E6F89FEA54214B1B2AE31 /* iosApp/DesignSystem/WidgetKit/DepartureRowCompact.swift */; };
		C5D4C72817CA43BA90F02ADB /* iosApp/Core/Schedule/ScheduleProjector.swift in Sources */ = {isa = PBXBuildFile; fileRef = 395C38720CDE4C34AC7FA9AD /* iosApp/Core/Schedule/ScheduleProjector.swift */; };
		AA11BB22CC33DD44EE55FF61 /* iosApp/Core/Schedule/NationalVehicleProjector.swift in Sources */ = {isa = PBXBuildFile; fileRef = AA11BB22CC33DD44EE55FF60 /* iosApp/Core/Schedule/NationalVehicleProjector.swift */; };
		C5D6E7F8A9B0C1D2E3F40506 /* iosApp/Core/Networking/SyrmosLinesService.swift in Sources */ = {isa = PBXBuildFile; fileRef = C5D6E7F8A9B0C1D2E3F40507 /* iosApp/Core/Networking/SyrmosLinesService.swift */; };
		C7C48BC8C2A3E895472A8FCD /* Foundation.framework in Frameworks */ = {isa = PBXBuildFile; fileRef = 0EF7A1B273F9EE8EBD309C64 /* Foundation.framework */; };
		CA564E5B6224431DAC6CC3E2 /* iosApp/Core/Schedule/AirportData.swift in Sources */ = {isa = PBXBuildFile; fileRef = 571BD2789A52441AB0C26BF2 /* iosApp/Core/Schedule/AirportData.swift */; };
		D10CE67C95FA4662AB0D160F /* iosApp/Core/Schedule/TransitData.swift in Sources */ = {isa = PBXBuildFile; fileRef = 748CC40BCBDC9D468CD371B8 /* iosApp/Core/Schedule/TransitData.swift */; };
		D4A0E928208E4D84AD520D51 /* iosApp/Core/Persistence/SyrmosStationOffsetsStore.swift in Sources */ = {isa = PBXBuildFile; fileRef = F7CC446436C541DC9D86F2C1 /* iosApp/Core/Persistence/SyrmosStationOffsetsStore.swift */; };
		D4A0E928208E4D84AD520D52 /* iosApp/Core/Persistence/SyrmosRouteShapesStore.swift in Sources */ = {isa = PBXBuildFile; fileRef = F7CC446436C541DC9D86F2C2 /* iosApp/Core/Persistence/SyrmosRouteShapesStore.swift */; };
		D7E8F9A0B1C2D3E4F5060708 /* iosApp/Core/Diagnostics/Diagnostics.swift in Sources */ = {isa = PBXBuildFile; fileRef = D7E8F9A0B1C2D3E4F5060709 /* iosApp/Core/Diagnostics/Diagnostics.swift */; };
		DA7A0001F00D0001F00D0001 /* iosApp/Core/Schedule/DataFreshness.swift in Sources */ = {isa = PBXBuildFile; fileRef = DA7A0002F00D0002F00D0002 /* iosApp/Core/Schedule/DataFreshness.swift */; };
		DA7A0003F00D0003F00D0003 /* HomeFeaturesTests.swift in Sources */ = {isa = PBXBuildFile; fileRef = DA7A0004F00D0004F00D0004 /* HomeFeaturesTests.swift */; };
		DA7A0011F00D0011F00D0011 /* iosApp/Features/Assistant/AriadneParser.swift in Sources */ = {isa = PBXBuildFile; fileRef = DA7A0012F00D0012F00D0012 /* iosApp/Features/Assistant/AriadneParser.swift */; };
		DA7A0013F00D0013F00D0013 /* iosApp/Features/Assistant/AriadneModel.swift in Sources */ = {isa = PBXBuildFile; fileRef = DA7A0014F00D0014F00D0014 /* iosApp/Features/Assistant/AriadneModel.swift */; };
		DA7A0015F00D0015F00D0015 /* iosApp/Features/Assistant/AriadneView.swift in Sources */ = {isa = PBXBuildFile; fileRef = DA7A0016F00D0016F00D0016 /* iosApp/Features/Assistant/AriadneView.swift */; };
		DA7A0018F00D0018F00D0018 /* AriadneParserTests.swift in Sources */ = {isa = PBXBuildFile; fileRef = DA7A0019F00D0019F00D0019 /* AriadneParserTests.swift */; };
		DA7A0021F00D0021F00D0021 /* iosApp/Core/Schedule/DepartureTracking.swift in Sources */ = {isa = PBXBuildFile; fileRef = DA7A0022F00D0022F00D0022 /* iosApp/Core/Schedule/DepartureTracking.swift */; };
		DA7A010BF00D010BF00D010B /* SyrmosWidgetExtension.appex in Embed Foundation Extensions */ = {isa = PBXBuildFile; fileRef = DA7A0107F00D0107F00D0107 /* SyrmosWidgetExtension.appex */; settings = {ATTRIBUTES = (RemoveHeadersOnCopy, ); }; };
		DA7A0120F00D0120F00D0120 /* iosApp/Core/Schedule/SyrmosTrackingAttributes.swift in Sources */ = {isa = PBXBuildFile; fileRef = DA7A0110F00D0110F00D0110 /* iosApp/Core/Schedule/SyrmosTrackingAttributes.swift */; };
		DA7A0121F00D0121F00D0121 /* iosApp/Core/Schedule/SyrmosTrackingAttributes.swift in Sources */ = {isa = PBXBuildFile; fileRef = DA7A0110F00D0110F00D0110 /* iosApp/Core/Schedule/SyrmosTrackingAttributes.swift */; };
		DA7A0122F00D0122F00D0122 /* SyrmosWidget/SyrmosLiveActivity.swift in Sources */ = {isa = PBXBuildFile; fileRef = DA7A0111F00D0111F00D0111 /* SyrmosWidget/SyrmosLiveActivity.swift */; };
		DA7A0123F00D0123F00D0123 /* SyrmosWidget/SyrmosWidgetBundle.swift in Sources */ = {isa = PBXBuildFile; fileRef = DA7A0112F00D0112F00D0112 /* SyrmosWidget/SyrmosWidgetBundle.swift */; };
		DA7A0130F00D0130F00D0130 /* iosApp/Features/Assistant/JourneyPlanner.swift in Sources */ = {isa = PBXBuildFile; fileRef = DA7A0131F00D0131F00D0131 /* iosApp/Features/Assistant/JourneyPlanner.swift */; };
		DA7A0140F00D0140F00D0140 /* iosApp/Core/Networking/WeatherStore.swift in Sources */ = {isa = PBXBuildFile; fileRef = DA7A0141F00D0141F00D0141 /* iosApp/Core/Networking/WeatherStore.swift */; };
		DA7A0142F00D0142F00D0142 /* iosApp/Features/Weather/WeatherCard.swift in Sources */ = {isa = PBXBuildFile; fileRef = DA7A0143F00D0143F00D0143 /* iosApp/Features/Weather/WeatherCard.swift */; };
		DA7A0150F00D0150F00D0150 /* iosApp/Features/Assistant/AriadneBrain.swift in Sources */ = {isa = PBXBuildFile; fileRef = DA7A0151F00D0151F00D0151 /* iosApp/Features/Assistant/AriadneBrain.swift */; };
		DA7A0211F00D0211F00D0211 /* iosApp/Features/Assistant/AriadneDomain.swift in Sources */ = {isa = PBXBuildFile; fileRef = DA7A0212F00D0212F00D0212 /* iosApp/Features/Assistant/AriadneDomain.swift */; };
		DA7A0A16F00D0A16F00D0A16 /* iosApp/Features/Assistant/AriadneGuided.swift in Sources */ = {isa = PBXBuildFile; fileRef = DA7A0A17F00D0A17F00D0A17 /* iosApp/Features/Assistant/AriadneGuided.swift */; };
		B1A2C3D4E5F60718293A1B01 /* iosApp/Features/SiriIntents/SyrmosAppIntents.swift in Sources */ = {isa = PBXBuildFile; fileRef = B1A2C3D4E5F60718293A1B00 /* iosApp/Features/SiriIntents/SyrmosAppIntents.swift */; };
		DB4E28495C2C4563A4A26795 /* iosApp/DesignSystem/WidgetKit/LinePill.swift in Sources */ = {isa = PBXBuildFile; fileRef = AEEEF0962C64453194C74A7D /* iosApp/DesignSystem/WidgetKit/LinePill.swift */; };
		DF3C6FE39FA544239D09EE50 /* iosApp/Core/Persistence/SyrmosFaresStore.swift in Sources */ = {isa = PBXBuildFile; fileRef = 56E4CA5A03BC488B882F9BB0 /* iosApp/Core/Persistence/SyrmosFaresStore.swift */; };
		E1A2B3C4D5E60718293A4B5C /* iosApp/Core/Networking/SyrmosDeparturesService.swift in Sources */ = {isa = PBXBuildFile; fileRef = E1A2B3C4D5E60718293A4B5D /* iosApp/Core/Networking/SyrmosDeparturesService.swift */; };
		E1A2B3C4D5E60718293A4B6E /* iosApp/Core/Networking/LivePositionsService.swift in Sources */ = {isa = PBXBuildFile; fileRef = E1A2B3C4D5E60718293A4B6F /* iosApp/Core/Networking/LivePositionsService.swift */; };
		E1A2B3C4D5E60718293A4C70 /* ContactDeveloperView.swift in Sources */ = {isa = PBXBuildFile; fileRef = E1A2B3C4D5E60718293A4C71 /* ContactDeveloperView.swift */; };
		E1A2B3C4D5E60718293A4E90 /* StasyMapView.swift in Sources */ = {isa = PBXBuildFile; fileRef = E1A2B3C4D5E60718293A4E91 /* StasyMapView.swift */; };
		E36B2B66CE3FE430B935D319 /* SyrmosWatch/WatchModels.swift in Sources */ = {isa = PBXBuildFile; fileRef = EEBA71617E0DC88481663507 /* SyrmosWatch/WatchModels.swift */; };
		E44EAEAEE0954E9F8735761E /* iosApp/DesignSystem/WidgetKit/StationStripFull.swift in Sources */ = {isa = PBXBuildFile; fileRef = D0EB6C1444B246B3AB9CF185 /* iosApp/DesignSystem/WidgetKit/StationStripFull.swift */; };
		E6BB2EE245424B80AE4241AF /* iosApp/Core/Schedule/ScheduleProjector.swift in Sources */ = {isa = PBXBuildFile; fileRef = 395C38720CDE4C34AC7FA9AD /* iosApp/Core/Schedule/ScheduleProjector.swift */; };
		AA11BB22CC33DD44EE55FF62 /* iosApp/Core/Schedule/NationalVehicleProjector.swift in Sources */ = {isa = PBXBuildFile; fileRef = AA11BB22CC33DD44EE55FF60 /* iosApp/Core/Schedule/NationalVehicleProjector.swift */; };
		ECAA824BE3E518277AB18AB6 /* NearbyStationDestinationTests.swift in Sources */ = {isa = PBXBuildFile; fileRef = B9C311F839BA02691F04AB93 /* NearbyStationDestinationTests.swift */; };
		EDBF9D088F0A46CF90DFAE6B /* iosApp/Core/Schedule/DataFreshness.swift in Sources */ = {isa = PBXBuildFile; fileRef = DA7A0002F00D0002F00D0002 /* iosApp/Core/Schedule/DataFreshness.swift */; };
		F29B88836219BB903078C5DA /* MapView.swift in Sources */ = {isa = PBXBuildFile; fileRef = 7FD822CADE700A3FA325710D /* MapView.swift */; };
		F4782265512D005F30B45158 /* SyrmosWatch.app in Embed Watch Content */ = {isa = PBXBuildFile; fileRef = E06C2DD61C7CF787E212BA8B /* SyrmosWatch.app */; settings = {ATTRIBUTES = (RemoveHeadersOnCopy, ); }; };
		F547F60AEDEF7EE113E77B7B /* SyrmosWatch/Assets.xcassets in Resources */ = {isa = PBXBuildFile; fileRef = C8FAA054C866F04CB39A4C07 /* SyrmosWatch/Assets.xcassets */; };
		FAB11EB401D5464F9E009564 /* iosApp/DesignSystem/WidgetKit/SyrmosLineTokens.swift in Sources */ = {isa = PBXBuildFile; fileRef = D32687A748EF4519991403D6 /* iosApp/DesignSystem/WidgetKit/SyrmosLineTokens.swift */; };
		FFDDCB33EB8ADA0BA119A64C /* SyrmosWatch/WatchConnectivityProvider.swift in Sources */ = {isa = PBXBuildFile; fileRef = CEEA07DD99223CD5AAE17E70 /* SyrmosWatch/WatchConnectivityProvider.swift */; };
		BB11CC22DD33EE44FF55A001 /* HomeSectionStore.swift in Sources */ = {isa = PBXBuildFile; fileRef = BB11CC22DD33EE44FF55B001 /* HomeSectionStore.swift */; };
		BB11CC22DD33EE44FF55A002 /* HomeCustomizeSheet.swift in Sources */ = {isa = PBXBuildFile; fileRef = BB11CC22DD33EE44FF55B002 /* HomeCustomizeSheet.swift */; };
/* End PBXBuildFile section */

/* Begin PBXContainerItemProxy section */
		21912304B970C42264D51A6E /* PBXContainerItemProxy */ = {
			isa = PBXContainerItemProxy;
			containerPortal = 34F80E7D1A8AF2790098AF88 /* Project object */;
			proxyType = 1;
			remoteGlobalIDString = 66F1C02D0159EDB3DE71E2EF;
			remoteInfo = "Syrmos - Athens Rail Times";
		};
		2D156381915E9E6E1339FE65 /* PBXContainerItemProxy */ = {
			isa = PBXContainerItemProxy;
			containerPortal = 34F80E7D1A8AF2790098AF88 /* Project object */;
			proxyType = 1;
			remoteGlobalIDString = CEBFD2C1BD4F888C9B6CD975;
			remoteInfo = SyrmosWatchComplications;
		};
		672DCE2DE4A84FAF65EA704F /* PBXContainerItemProxy */ = {
			isa = PBXContainerItemProxy;
			containerPortal = 34F80E7D1A8AF2790098AF88 /* Project object */;
			proxyType = 1;
			remoteGlobalIDString = AA5BB4E3968F4E707DB41D61;
			remoteInfo = SyrmosWatch;
		};
		DA7A010AF00D010AF00D010A /* PBXContainerItemProxy */ = {
			isa = PBXContainerItemProxy;
			containerPortal = 34F80E7D1A8AF2790098AF88 /* Project object */;
			proxyType = 1;
			remoteGlobalIDString = DA7A0100F00D0100F00D0100;
			remoteInfo = SyrmosWidgetExtension;
		};
/* End PBXContainerItemProxy section */

/* Begin PBXCopyFilesBuildPhase section */
		283F49BAA2426567F2246F74 /* Embed Frameworks */ = {
			isa = PBXCopyFilesBuildPhase;
			buildActionMask = 2147483647;
			dstPath = "";
			dstSubfolderSpec = 10;
			files = (
			);
			name = "Embed Frameworks";
			runOnlyForDeploymentPostprocessing = 0;
		};
		58B0A6E9B93BCF338FF901A8 /* Embed Watch Content */ = {
			isa = PBXCopyFilesBuildPhase;
			buildActionMask = 2147483647;
			dstPath = "$(CONTENTS_FOLDER_PATH)/Watch";
			dstSubfolderSpec = 16;
			files = (
				F4782265512D005F30B45158 /* SyrmosWatch.app in Embed Watch Content */,
			);
			name = "Embed Watch Content";
			runOnlyForDeploymentPostprocessing = 0;
		};
		5CD925BA88315D8621B13E71 /* Embed Foundation Extensions */ = {
			isa = PBXCopyFilesBuildPhase;
			buildActionMask = 2147483647;
			dstPath = "";
			dstSubfolderSpec = 13;
			files = (
				25288E10152B593D7B7A8D35 /* SyrmosWatchComplications.appex in Embed Foundation Extensions */,
			);
			name = "Embed Foundation Extensions";
			runOnlyForDeploymentPostprocessing = 0;
		};
		DA7A0108F00D0108F00D0108 /* Embed Foundation Extensions */ = {
			isa = PBXCopyFilesBuildPhase;
			buildActionMask = 2147483647;
			dstPath = "";
			dstSubfolderSpec = 13;
			files = (
				DA7A010BF00D010BF00D010B /* SyrmosWidgetExtension.appex in Embed Foundation Extensions */,
			);
			name = "Embed Foundation Extensions";
			runOnlyForDeploymentPostprocessing = 0;
		};
/* End PBXCopyFilesBuildPhase section */

/* Begin PBXFileReference section */
		09288EF8307B4CDC9D065AED /* iosApp/Features/Timetables/TimetablesView.swift */ = {isa = PBXFileReference; lastKnownFileType = sourcecode.swift; path = iosApp/Features/Timetables/TimetablesView.swift; sourceTree = SOURCE_ROOT; };
		0A17A711F00D0711F00D0711 /* iosApp/DesignSystem/OfflinePill.swift */ = {isa = PBXFileReference; lastKnownFileType = sourcecode.swift; path = iosApp/DesignSystem/OfflinePill.swift; sourceTree = SOURCE_ROOT; };
		0A17A713F00D0713F00D0713 /* iosApp/DesignSystem/SyrmosAnimations.swift */ = {isa = PBXFileReference; lastKnownFileType = sourcecode.swift; path = iosApp/DesignSystem/SyrmosAnimations.swift; sourceTree = SOURCE_ROOT; };
		0A17A715F00D0715F00D0715 /* AlertDetailSheet.swift */ = {isa = PBXFileReference; lastKnownFileType = sourcecode.swift; path = AlertDetailSheet.swift; sourceTree = "<group>"; };
		0CC57A007A9CFBEF45359A28 /* SyrmosWatchComplications.appex */ = {isa = PBXFileReference; explicitFileType = "wrapper.app-extension"; includeInIndex = 0; path = SyrmosWatchComplications.appex; sourceTree = BUILT_PRODUCTS_DIR; };
		0EF7A1B273F9EE8EBD309C64 /* Foundation.framework */ = {isa = PBXFileReference; lastKnownFileType = wrapper.framework; name = Foundation.framework; path = Platforms/WatchOS.platform/Developer/SDKs/WatchOS11.0.sdk/System/Library/Frameworks/Foundation.framework; sourceTree = DEVELOPER_DIR; };
		0F174A75E7C14871B9B77CAE /* iosApp/Core/Networking/SyrmosSchedulesService.swift */ = {isa = PBXFileReference; lastKnownFileType = sourcecode.swift; path = iosApp/Core/Networking/SyrmosSchedulesService.swift; sourceTree = SOURCE_ROOT; };
		18D0CA28E96EEF13502C887F /* LinesView.swift */ = {isa = PBXFileReference; lastKnownFileType = sourcecode.swift; path = LinesView.swift; sourceTree = "<group>"; };
		1DF85A2E3F716D7313EC9642 /* Info.plist */ = {isa = PBXFileReference; lastKnownFileType = text.plist; path = Info.plist; sourceTree = "<group>"; };
		1EF7713235D346D68B6F96E8 /* iosApp/Core/Networking/BackgroundRefresh.swift */ = {isa = PBXFileReference; lastKnownFileType = sourcecode.swift; path = iosApp/Core/Networking/BackgroundRefresh.swift; sourceTree = SOURCE_ROOT; };
		1FE6A64F2930A00B9F04C461 /* SyrmosWatch/WatchNearbyView.swift */ = {isa = PBXFileReference; includeInIndex = 1; lastKnownFileType = sourcecode.swift; path = SyrmosWatch/WatchNearbyView.swift; sourceTree = SOURCE_ROOT; };
		2142917C53758AAD7F295055 /* SyrmosWatch/Info.plist */ = {isa = PBXFileReference; includeInIndex = 1; lastKnownFileType = text.plist.xml; path = SyrmosWatch/Info.plist; sourceTree = SOURCE_ROOT; };
		287CAA4712C3ADBF08B416E3 /* iosApp/App/SyrmosApp.swift */ = {isa = PBXFileReference; lastKnownFileType = sourcecode.swift; path = iosApp/App/SyrmosApp.swift; sourceTree = SOURCE_ROOT; };
		28CB0FF1A8E58A05798DED77 /* iosApp/DesignSystem/SyrmosColors.swift */ = {isa = PBXFileReference; lastKnownFileType = sourcecode.swift; path = iosApp/DesignSystem/SyrmosColors.swift; sourceTree = SOURCE_ROOT; };
		292764518958617840FE187E /* SyrmosWatch/WatchModels.swift */ = {isa = PBXFileReference; includeInIndex = 1; lastKnownFileType = sourcecode.swift; path = SyrmosWatch/WatchModels.swift; sourceTree = SOURCE_ROOT; };
		2D67A43DD93145FBB9809123 /* iosApp/Features/WhatsNew/WhatsNewView.swift */ = {isa = PBXFileReference; lastKnownFileType = sourcecode.swift; path = iosApp/Features/WhatsNew/WhatsNewView.swift; sourceTree = SOURCE_ROOT; };
		2F0AC3ECFD5A2387CA6CFEFB /* iosApp/Core/Schedule/StationCoordinates.swift */ = {isa = PBXFileReference; lastKnownFileType = sourcecode.swift; path = iosApp/Core/Schedule/StationCoordinates.swift; sourceTree = SOURCE_ROOT; };
		2F7F86E13C39694BA17FD740 /* SyrmosWatch/WatchContentView.swift */ = {isa = PBXFileReference; includeInIndex = 1; lastKnownFileType = sourcecode.swift; path = SyrmosWatch/WatchContentView.swift; sourceTree = SOURCE_ROOT; };
		37E20527B3ED48E6806B8138 /* iosApp/DesignSystem/ThemeManager.swift */ = {isa = PBXFileReference; lastKnownFileType = sourcecode.swift; path = iosApp/DesignSystem/ThemeManager.swift; sourceTree = SOURCE_ROOT; };
		395C38720CDE4C34AC7FA9AD /* iosApp/Core/Schedule/ScheduleProjector.swift */ = {isa = PBXFileReference; lastKnownFileType = sourcecode.swift; path = iosApp/Core/Schedule/ScheduleProjector.swift; sourceTree = SOURCE_ROOT; };
		AA11BB22CC33DD44EE55FF60 /* iosApp/Core/Schedule/NationalVehicleProjector.swift */ = {isa = PBXFileReference; lastKnownFileType = sourcecode.swift; path = iosApp/Core/Schedule/NationalVehicleProjector.swift; sourceTree = SOURCE_ROOT; };
		3D8B4CA7955E1724CF96A1AD /* llama.xcframework */ = {isa = PBXFileReference; lastKnownFileType = wrapper.xcframework; name = llama.xcframework; path = Frameworks/llama.xcframework; sourceTree = SOURCE_ROOT; };
		51972231C37146A79B5760E4 /* iosApp/Core/Persistence/SyrmosVisualOverridesStore.swift */ = {isa = PBXFileReference; lastKnownFileType = sourcecode.swift; path = iosApp/Core/Persistence/SyrmosVisualOverridesStore.swift; sourceTree = SOURCE_ROOT; };
		53C0854D3D8A40F9A9F267E9 /* iosApp/DesignSystem/WidgetKit/LiquidGlassTile.swift */ = {isa = PBXFileReference; lastKnownFileType = sourcecode.swift; path = iosApp/DesignSystem/WidgetKit/LiquidGlassTile.swift; sourceTree = SOURCE_ROOT; };
		5439E65484C3427EAA190AAB /* iosApp/Core/Persistence/SyrmosSchedulesStore.swift */ = {isa = PBXFileReference; lastKnownFileType = sourcecode.swift; path = iosApp/Core/Persistence/SyrmosSchedulesStore.swift; sourceTree = SOURCE_ROOT; };
		551315413AD2438B8C7F5FF0 /* iosApp/Shared/SafariSheet.swift */ = {isa = PBXFileReference; lastKnownFileType = sourcecode.swift; path = iosApp/Shared/SafariSheet.swift; sourceTree = SOURCE_ROOT; };
		56E4CA5A03BC488B882F9BB0 /* iosApp/Core/Persistence/SyrmosFaresStore.swift */ = {isa = PBXFileReference; lastKnownFileType = sourcecode.swift; path = iosApp/Core/Persistence/SyrmosFaresStore.swift; sourceTree = SOURCE_ROOT; };
		571BD2789A52441AB0C26BF2 /* iosApp/Core/Schedule/AirportData.swift */ = {isa = PBXFileReference; lastKnownFileType = sourcecode.swift; path = iosApp/Core/Schedule/AirportData.swift; sourceTree = SOURCE_ROOT; };
		5D9C5B3E2DBBAEE20B9A9364 /* SyrmosWatch/SyrmosWatch.entitlements */ = {isa = PBXFileReference; includeInIndex = 1; lastKnownFileType = text.plist.entitlements; path = SyrmosWatch/SyrmosWatch.entitlements; sourceTree = SOURCE_ROOT; };
		67E08E447B8F49FE84CAA194 /* iosApp/DesignSystem/WidgetKit/StationStripCompact.swift */ = {isa = PBXFileReference; lastKnownFileType = sourcecode.swift; path = iosApp/DesignSystem/WidgetKit/StationStripCompact.swift; sourceTree = SOURCE_ROOT; };
		748CC40BCBDC9D468CD371B8 /* iosApp/Core/Schedule/TransitData.swift */ = {isa = PBXFileReference; lastKnownFileType = sourcecode.swift; path = iosApp/Core/Schedule/TransitData.swift; sourceTree = SOURCE_ROOT; };
		7FCA4BF462F847AA856D94DB /* SyrmosWidget/SyrmosWidgets.swift */ = {isa = PBXFileReference; lastKnownFileType = sourcecode.swift; path = SyrmosWidget/SyrmosWidgets.swift; sourceTree = SOURCE_ROOT; };
		7FD822CADE700A3FA325710D /* MapView.swift */ = {isa = PBXFileReference; lastKnownFileType = sourcecode.swift; path = MapView.swift; sourceTree = "<group>"; };
		830DD3BBB8DD51E24EE2ABE7 /* LineDetailView.swift */ = {isa = PBXFileReference; lastKnownFileType = sourcecode.swift; path = LineDetailView.swift; sourceTree = "<group>"; };
		836DE84E99C06ABA19E71805 /* SettingsView.swift */ = {isa = PBXFileReference; lastKnownFileType = sourcecode.swift; path = SettingsView.swift; sourceTree = "<group>"; };
		836DE84E99C06ABA19E71806 /* iosApp/DesignSystem/CompactTabHeader.swift */ = {isa = PBXFileReference; lastKnownFileType = sourcecode.swift; path = iosApp/DesignSystem/CompactTabHeader.swift; sourceTree = SOURCE_ROOT; };
		87C1AB3CF938A60DF7285C1F /* ScheduleProjectorTests.swift */ = {isa = PBXFileReference; includeInIndex = 1; lastKnownFileType = sourcecode.swift; path = ScheduleProjectorTests.swift; sourceTree = "<group>"; };
		889F9EDE14524E2DA3F4B3B5 /* iosApp/Core/Schedule/WatchSessionManager.swift */ = {isa = PBXFileReference; lastKnownFileType = sourcecode.swift; path = iosApp/Core/Schedule/WatchSessionManager.swift; sourceTree = SOURCE_ROOT; };
		89C75E63D8FD8430063F61D0 /* SyrmosWatch/SyrmosWatchApp.swift */ = {isa = PBXFileReference; includeInIndex = 1; lastKnownFileType = sourcecode.swift; path = SyrmosWatch/SyrmosWatchApp.swift; sourceTree = SOURCE_ROOT; };
		933E6F89FEA54214B1B2AE31 /* iosApp/DesignSystem/WidgetKit/DepartureRowCompact.swift */ = {isa = PBXFileReference; lastKnownFileType = sourcecode.swift; path = iosApp/DesignSystem/WidgetKit/DepartureRowCompact.swift; sourceTree = SOURCE_ROOT; };
		A1B2C3D4E5F60718293A4B00 /* LaunchScreen.storyboard */ = {isa = PBXFileReference; lastKnownFileType = file.storyboard; path = LaunchScreen.storyboard; sourceTree = "<group>"; };
		AA11BB22CC33DD44EE55BC02 /* TrackingCardBody.swift */ = {isa = PBXFileReference; lastKnownFileType = sourcecode.swift; path = TrackingCardBody.swift; sourceTree = "<group>"; };
		AA11BB22CC33DD44EE55BD02 /* TrackPickerSheet.swift */ = {isa = PBXFileReference; lastKnownFileType = sourcecode.swift; path = TrackPickerSheet.swift; sourceTree = "<group>"; };
		AA11BB22CC33DD44EE55BE02 /* EmergencyWeatherCard.swift */ = {isa = PBXFileReference; lastKnownFileType = sourcecode.swift; path = EmergencyWeatherCard.swift; sourceTree = "<group>"; };
		AA11BB22CC33DD44EE55FF67 /* StationIconNames.swift */ = {isa = PBXFileReference; lastKnownFileType = sourcecode.swift; path = StationIconNames.swift; sourceTree = "<group>"; };
		B1C2D3E4F5A607182939AABB /* LiveStreamPlayerView.swift */ = {isa = PBXFileReference; lastKnownFileType = sourcecode.swift; path = LiveStreamPlayerView.swift; sourceTree = "<group>"; };
		AAAA111111111111111111B2 /* iosApp/Features/Onboarding/OnboardingView.swift */ = {isa = PBXFileReference; lastKnownFileType = sourcecode.swift; path = iosApp/Features/Onboarding/OnboardingView.swift; sourceTree = SOURCE_ROOT; };
		AAAA111111111111111111B4 /* iosApp/Features/Onboarding/OnboardingMeshBackground.swift */ = {isa = PBXFileReference; lastKnownFileType = sourcecode.swift; path = iosApp/Features/Onboarding/OnboardingMeshBackground.swift; sourceTree = SOURCE_ROOT; };
		AABB01CD02EF030405060709 /* Resources/seed-schedules-v2 */ = {isa = PBXFileReference; lastKnownFileType = folder; path = "Resources/seed-schedules-v2"; sourceTree = "<group>"; };
		AEEEF0962C64453194C74A7D /* iosApp/DesignSystem/WidgetKit/LinePill.swift */ = {isa = PBXFileReference; lastKnownFileType = sourcecode.swift; path = iosApp/DesignSystem/WidgetKit/LinePill.swift; sourceTree = SOURCE_ROOT; };
		B321F78C955813F66BA4C930 /* SyrmosWatch/SyrmosWatchComplications.swift */ = {isa = PBXFileReference; includeInIndex = 1; lastKnownFileType = sourcecode.swift; path = SyrmosWatch/SyrmosWatchComplications.swift; sourceTree = SOURCE_ROOT; };
		B9C311F839BA02691F04AB93 /* NearbyStationDestinationTests.swift */ = {isa = PBXFileReference; includeInIndex = 1; lastKnownFileType = sourcecode.swift; path = NearbyStationDestinationTests.swift; sourceTree = "<group>"; };
		BB22CC33DD44EE55FF660012 /* iosApp/Core/Location/LocationService.swift */ = {isa = PBXFileReference; lastKnownFileType = sourcecode.swift; path = iosApp/Core/Location/LocationService.swift; sourceTree = SOURCE_ROOT; };
		CCDD11223344556677880012 /* iosApp/Core/Notifications/NotificationService.swift */ = {isa = PBXFileReference; lastKnownFileType = sourcecode.swift; path = iosApp/Core/Notifications/NotificationService.swift; sourceTree = SOURCE_ROOT; };
		CCDD11223344556677880022 /* iosApp/Core/Notifications/DeepLinkRouter.swift */ = {isa = PBXFileReference; lastKnownFileType = sourcecode.swift; path = iosApp/Core/Notifications/DeepLinkRouter.swift; sourceTree = SOURCE_ROOT; };
		BD63C5586DB5B3F0921AC1D6 /* Foundation.framework */ = {isa = PBXFileReference; lastKnownFileType = wrapper.framework; name = Foundation.framework; path = Platforms/iPhoneOS.platform/Developer/SDKs/iPhoneOS18.0.sdk/System/Library/Frameworks/Foundation.framework; sourceTree = DEVELOPER_DIR; };
		BF6FDC539EEBEA3DCEA3416B /* SuburbanProjectionTests.swift */ = {isa = PBXFileReference; includeInIndex = 1; lastKnownFileType = sourcecode.swift; path = SuburbanProjectionTests.swift; sourceTree = "<group>"; };
		C3D4E5F60718293A4B5C6D7E /* iosApp/Core/Localization/Localization.swift */ = {isa = PBXFileReference; lastKnownFileType = sourcecode.swift; path = iosApp/Core/Localization/Localization.swift; sourceTree = SOURCE_ROOT; };
		C5D6E7F8A9B0C1D2E3F40507 /* iosApp/Core/Networking/SyrmosLinesService.swift */ = {isa = PBXFileReference; lastKnownFileType = sourcecode.swift; path = iosApp/Core/Networking/SyrmosLinesService.swift; sourceTree = SOURCE_ROOT; };
		C8FAA054C866F04CB39A4C07 /* SyrmosWatch/Assets.xcassets */ = {isa = PBXFileReference; includeInIndex = 1; lastKnownFileType = folder.assetcatalog; path = SyrmosWatch/Assets.xcassets; sourceTree = SOURCE_ROOT; };
		C9C9AAE5D2E14B71AFAB3C2F /* iosApp/Shared/StationMapSheet.swift */ = {isa = PBXFileReference; lastKnownFileType = sourcecode.swift; path = iosApp/Shared/StationMapSheet.swift; sourceTree = SOURCE_ROOT; };
		CEEA07DD99223CD5AAE17E70 /* SyrmosWatch/WatchConnectivityProvider.swift */ = {isa = PBXFileReference; includeInIndex = 1; lastKnownFileType = sourcecode.swift; path = SyrmosWatch/WatchConnectivityProvider.swift; sourceTree = SOURCE_ROOT; };
		CEF31ACE2630B3EA36DBE66E /* SyrmosWatch/WatchSpeech.swift */ = {isa = PBXFileReference; includeInIndex = 1; lastKnownFileType = sourcecode.swift; path = SyrmosWatch/WatchSpeech.swift; sourceTree = SOURCE_ROOT; };
		D0EB6C1444B246B3AB9CF185 /* iosApp/DesignSystem/WidgetKit/StationStripFull.swift */ = {isa = PBXFileReference; lastKnownFileType = sourcecode.swift; path = iosApp/DesignSystem/WidgetKit/StationStripFull.swift; sourceTree = SOURCE_ROOT; };
		D19BB18628D05A667A4BD6B8 /* Syrmos.app */ = {isa = PBXFileReference; explicitFileType = wrapper.application; includeInIndex = 0; path = Syrmos.app; sourceTree = BUILT_PRODUCTS_DIR; };
		D1E2F3A4B5C6071829304142 /* iosApp/Core/Networking/STASYService.swift */ = {isa = PBXFileReference; lastKnownFileType = sourcecode.swift; path = iosApp/Core/Networking/STASYService.swift; sourceTree = SOURCE_ROOT; };
		31E31FFAA5B22EE54B9E980E /* iosApp/Core/Networking/RailNewsService.swift */ = {isa = PBXFileReference; lastKnownFileType = sourcecode.swift; path = iosApp/Core/Networking/RailNewsService.swift; sourceTree = SOURCE_ROOT; };
		A1C2D3E4F50607182930A1B2 /* iosApp/Core/Networking/AriadneAPIService.swift */ = {isa = PBXFileReference; lastKnownFileType = sourcecode.swift; path = iosApp/Core/Networking/AriadneAPIService.swift; sourceTree = SOURCE_ROOT; };
		D32687A748EF4519991403D6 /* iosApp/DesignSystem/WidgetKit/SyrmosLineTokens.swift */ = {isa = PBXFileReference; lastKnownFileType = sourcecode.swift; path = iosApp/DesignSystem/WidgetKit/SyrmosLineTokens.swift; sourceTree = SOURCE_ROOT; };
		D7E8F9A0B1C2D3E4F5060709 /* iosApp/Core/Diagnostics/Diagnostics.swift */ = {isa = PBXFileReference; lastKnownFileType = sourcecode.swift; path = iosApp/Core/Diagnostics/Diagnostics.swift; sourceTree = SOURCE_ROOT; };
		DA7A0002F00D0002F00D0002 /* iosApp/Core/Schedule/DataFreshness.swift */ = {isa = PBXFileReference; lastKnownFileType = sourcecode.swift; path = iosApp/Core/Schedule/DataFreshness.swift; sourceTree = SOURCE_ROOT; };
		DA7A0004F00D0004F00D0004 /* HomeFeaturesTests.swift */ = {isa = PBXFileReference; includeInIndex = 1; lastKnownFileType = sourcecode.swift; path = HomeFeaturesTests.swift; sourceTree = "<group>"; };
		DA7A0012F00D0012F00D0012 /* iosApp/Features/Assistant/AriadneParser.swift */ = {isa = PBXFileReference; lastKnownFileType = sourcecode.swift; path = iosApp/Features/Assistant/AriadneParser.swift; sourceTree = SOURCE_ROOT; };
		DA7A0014F00D0014F00D0014 /* iosApp/Features/Assistant/AriadneModel.swift */ = {isa = PBXFileReference; lastKnownFileType = sourcecode.swift; path = iosApp/Features/Assistant/AriadneModel.swift; sourceTree = SOURCE_ROOT; };
		DA7A0016F00D0016F00D0016 /* iosApp/Features/Assistant/AriadneView.swift */ = {isa = PBXFileReference; lastKnownFileType = sourcecode.swift; path = iosApp/Features/Assistant/AriadneView.swift; sourceTree = SOURCE_ROOT; };
		DA7A0019F00D0019F00D0019 /* AriadneParserTests.swift */ = {isa = PBXFileReference; includeInIndex = 1; lastKnownFileType = sourcecode.swift; path = AriadneParserTests.swift; sourceTree = "<group>"; };
		DA7A0022F00D0022F00D0022 /* iosApp/Core/Schedule/DepartureTracking.swift */ = {isa = PBXFileReference; lastKnownFileType = sourcecode.swift; path = iosApp/Core/Schedule/DepartureTracking.swift; sourceTree = SOURCE_ROOT; };
		DA7A0107F00D0107F00D0107 /* SyrmosWidgetExtension.appex */ = {isa = PBXFileReference; explicitFileType = "wrapper.app-extension"; includeInIndex = 0; path = SyrmosWidgetExtension.appex; sourceTree = BUILT_PRODUCTS_DIR; };
		DA7A0110F00D0110F00D0110 /* iosApp/Core/Schedule/SyrmosTrackingAttributes.swift */ = {isa = PBXFileReference; lastKnownFileType = sourcecode.swift; path = iosApp/Core/Schedule/SyrmosTrackingAttributes.swift; sourceTree = SOURCE_ROOT; };
		DA7A0111F00D0111F00D0111 /* SyrmosWidget/SyrmosLiveActivity.swift */ = {isa = PBXFileReference; lastKnownFileType = sourcecode.swift; path = SyrmosWidget/SyrmosLiveActivity.swift; sourceTree = SOURCE_ROOT; };
		DA7A0112F00D0112F00D0112 /* SyrmosWidget/SyrmosWidgetBundle.swift */ = {isa = PBXFileReference; lastKnownFileType = sourcecode.swift; path = SyrmosWidget/SyrmosWidgetBundle.swift; sourceTree = SOURCE_ROOT; };
		DA7A0113F00D0113F00D0113 /* SyrmosWidget/Info.plist */ = {isa = PBXFileReference; lastKnownFileType = text.plist.xml; path = SyrmosWidget/Info.plist; sourceTree = SOURCE_ROOT; };
		DA7A0131F00D0131F00D0131 /* iosApp/Features/Assistant/JourneyPlanner.swift */ = {isa = PBXFileReference; lastKnownFileType = sourcecode.swift; path = iosApp/Features/Assistant/JourneyPlanner.swift; sourceTree = SOURCE_ROOT; };
		DA7A0141F00D0141F00D0141 /* iosApp/Core/Networking/WeatherStore.swift */ = {isa = PBXFileReference; lastKnownFileType = sourcecode.swift; path = iosApp/Core/Networking/WeatherStore.swift; sourceTree = SOURCE_ROOT; };
		DA7A0143F00D0143F00D0143 /* iosApp/Features/Weather/WeatherCard.swift */ = {isa = PBXFileReference; lastKnownFileType = sourcecode.swift; path = iosApp/Features/Weather/WeatherCard.swift; sourceTree = SOURCE_ROOT; };
		DA7A0151F00D0151F00D0151 /* iosApp/Features/Assistant/AriadneBrain.swift */ = {isa = PBXFileReference; lastKnownFileType = sourcecode.swift; path = iosApp/Features/Assistant/AriadneBrain.swift; sourceTree = SOURCE_ROOT; };
		DA7A0212F00D0212F00D0212 /* iosApp/Features/Assistant/AriadneDomain.swift */ = {isa = PBXFileReference; lastKnownFileType = sourcecode.swift; path = iosApp/Features/Assistant/AriadneDomain.swift; sourceTree = SOURCE_ROOT; };
		DA7A0A17F00D0A17F00D0A17 /* iosApp/Features/Assistant/AriadneGuided.swift */ = {isa = PBXFileReference; lastKnownFileType = sourcecode.swift; path = iosApp/Features/Assistant/AriadneGuided.swift; sourceTree = SOURCE_ROOT; };
		B1A2C3D4E5F60718293A1B00 /* iosApp/Features/SiriIntents/SyrmosAppIntents.swift */ = {isa = PBXFileReference; lastKnownFileType = sourcecode.swift; path = iosApp/Features/SiriIntents/SyrmosAppIntents.swift; sourceTree = SOURCE_ROOT; };
		DBADA13AF3954288A721329B /* iosApp/Features/Timetables/TimetablesIcons.swift */ = {isa = PBXFileReference; lastKnownFileType = sourcecode.swift; path = iosApp/Features/Timetables/TimetablesIcons.swift; sourceTree = SOURCE_ROOT; };
		DD50BCD053B64059B6D3A243 /* iosApp/Core/Networking/WidgetBridge.swift */ = {isa = PBXFileReference; lastKnownFileType = sourcecode.swift; path = iosApp/Core/Networking/WidgetBridge.swift; sourceTree = SOURCE_ROOT; };
		DD55D549DBE24531BEA4597D /* iosApp/Features/Fares/FaresView.swift */ = {isa = PBXFileReference; lastKnownFileType = sourcecode.swift; path = iosApp/Features/Fares/FaresView.swift; sourceTree = SOURCE_ROOT; };
		DDA99E493B0C4CA48ECE53BD /* iosApp/Core/Persistence/SyrmosTrainTimestampsStore.swift */ = {isa = PBXFileReference; lastKnownFileType = sourcecode.swift; path = iosApp/Core/Persistence/SyrmosTrainTimestampsStore.swift; sourceTree = SOURCE_ROOT; };
		DDCB57EF47F5B2293727841A /* StationDetailView.swift */ = {isa = PBXFileReference; lastKnownFileType = sourcecode.swift; path = StationDetailView.swift; sourceTree = "<group>"; };
		E06C2DD61C7CF787E212BA8B /* SyrmosWatch.app */ = {isa = PBXFileReference; explicitFileType = wrapper.application; includeInIndex = 0; path = SyrmosWatch.app; sourceTree = BUILT_PRODUCTS_DIR; };
		E1A2B3C4D5E60718293A4B5D /* iosApp/Core/Networking/SyrmosDeparturesService.swift */ = {isa = PBXFileReference; lastKnownFileType = sourcecode.swift; path = iosApp/Core/Networking/SyrmosDeparturesService.swift; sourceTree = SOURCE_ROOT; };
		E1A2B3C4D5E60718293A4B6F /* iosApp/Core/Networking/LivePositionsService.swift */ = {isa = PBXFileReference; lastKnownFileType = sourcecode.swift; path = iosApp/Core/Networking/LivePositionsService.swift; sourceTree = SOURCE_ROOT; };
		E1A2B3C4D5E60718293A4C71 /* ContactDeveloperView.swift */ = {isa = PBXFileReference; lastKnownFileType = sourcecode.swift; path = ContactDeveloperView.swift; sourceTree = "<group>"; };
		E1A2B3C4D5E60718293A4E91 /* StasyMapView.swift */ = {isa = PBXFileReference; lastKnownFileType = sourcecode.swift; path = StasyMapView.swift; sourceTree = "<group>"; };
		E3F4A5B6C7D80912A3B4C5D6 /* Assets.xcassets */ = {isa = PBXFileReference; lastKnownFileType = folder.assetcatalog; path = Assets.xcassets; sourceTree = "<group>"; };
		EBAF468AA4244E1A6FF45B64 /* LlamaSession.swift */ = {isa = PBXFileReference; lastKnownFileType = sourcecode.swift; name = LlamaSession.swift; path = iosApp/Features/Assistant/LlamaSession.swift; sourceTree = SOURCE_ROOT; };
		EEBA71617E0DC88481663507 /* SyrmosWatch/WatchModels.swift */ = {isa = PBXFileReference; includeInIndex = 1; lastKnownFileType = sourcecode.swift; path = SyrmosWatch/WatchModels.swift; sourceTree = SOURCE_ROOT; };
		F43D88E4E6775ADB265D3D56 /* iosAppTests.xctest */ = {isa = PBXFileReference; explicitFileType = wrapper.cfbundle; includeInIndex = 0; path = iosAppTests.xctest; sourceTree = BUILT_PRODUCTS_DIR; };
		F7CC446436C541DC9D86F2C1 /* iosApp/Core/Persistence/SyrmosStationOffsetsStore.swift */ = {isa = PBXFileReference; lastKnownFileType = sourcecode.swift; path = iosApp/Core/Persistence/SyrmosStationOffsetsStore.swift; sourceTree = SOURCE_ROOT; };
		F7CC446436C541DC9D86F2C2 /* iosApp/Core/Persistence/SyrmosRouteShapesStore.swift */ = {isa = PBXFileReference; lastKnownFileType = sourcecode.swift; path = iosApp/Core/Persistence/SyrmosRouteShapesStore.swift; sourceTree = SOURCE_ROOT; };
		F9632839850F8DA49BA56324 /* HomeView.swift */ = {isa = PBXFileReference; lastKnownFileType = sourcecode.swift; path = HomeView.swift; sourceTree = "<group>"; };
		BB11CC22DD33EE44FF55B001 /* HomeSectionStore.swift */ = {isa = PBXFileReference; lastKnownFileType = sourcecode.swift; path = HomeSectionStore.swift; sourceTree = "<group>"; };
		BB11CC22DD33EE44FF55B002 /* HomeCustomizeSheet.swift */ = {isa = PBXFileReference; lastKnownFileType = sourcecode.swift; path = HomeCustomizeSheet.swift; sourceTree = "<group>"; };
		FE854D92A6C68AEAC8E0603F /* AriadneModelStore.swift */ = {isa = PBXFileReference; lastKnownFileType = sourcecode.swift; name = AriadneModelStore.swift; path = iosApp/Features/Assistant/AriadneModelStore.swift; sourceTree = SOURCE_ROOT; };
		FF201314EADCD2EA1936941F /* SyrmosWatch/Complications-Info.plist */ = {isa = PBXFileReference; includeInIndex = 1; lastKnownFileType = text.plist.xml; path = "SyrmosWatch/Complications-Info.plist"; sourceTree = SOURCE_ROOT; };
/* End PBXFileReference section */

/* Begin PBXFrameworksBuildPhase section */
		13599E823702BCCB5825D984 /* Frameworks */ = {
			isa = PBXFrameworksBuildPhase;
			buildActionMask = 2147483647;
			files = (
				9412470679966D24ED107169 /* Foundation.framework in Frameworks */,
			);
			runOnlyForDeploymentPostprocessing = 0;
		};
		C45B377FE9931BDCE9D9545E /* Frameworks */ = {
			isa = PBXFrameworksBuildPhase;
			buildActionMask = 2147483647;
			files = (
				12D1B2FE4D803668E2481F2D /* Foundation.framework in Frameworks */,
			);
			runOnlyForDeploymentPostprocessing = 0;
		};
		CF2F789277905212FB08B198 /* Frameworks */ = {
			isa = PBXFrameworksBuildPhase;
			buildActionMask = 2147483647;
			files = (
				C7C48BC8C2A3E895472A8FCD /* Foundation.framework in Frameworks */,
			);
			runOnlyForDeploymentPostprocessing = 0;
		};
		D725414488C4406BB32AB64E /* Frameworks */ = {
			isa = PBXFrameworksBuildPhase;
			buildActionMask = 2147483647;
			files = (
				15204646A0A673BDF0D30FCF /* llama.xcframework in Frameworks */,
			);
			runOnlyForDeploymentPostprocessing = 0;
		};
		DA7A0105F00D0105F00D0105 /* Frameworks */ = {
			isa = PBXFrameworksBuildPhase;
			buildActionMask = 2147483647;
			files = (
			);
			runOnlyForDeploymentPostprocessing = 0;
		};
/* End PBXFrameworksBuildPhase section */

/* Begin PBXGroup section */
		0E05CD2D65F51E3B7C19E908 /* iosAppTests */ = {
			isa = PBXGroup;
			children = (
				87C1AB3CF938A60DF7285C1F /* ScheduleProjectorTests.swift */,
				DA7A0004F00D0004F00D0004 /* HomeFeaturesTests.swift */,
				DA7A0019F00D0019F00D0019 /* AriadneParserTests.swift */,
				B9C311F839BA02691F04AB93 /* NearbyStationDestinationTests.swift */,
				BF6FDC539EEBEA3DCEA3416B /* SuburbanProjectionTests.swift */,
			);
			path = iosAppTests;
			sourceTree = "<group>";
		};
		0F0349611AD395CA7EC4A316 = {
			isa = PBXGroup;
			children = (
				71CEE17732FDEEE09CD923DC /* iosApp */,
				DA7A010CF00D010CF00D010C /* SyrmosWidget */,
				BB06A92CF039223743BFB2C2 /* Products */,
				1A5D059E1D0EC95C67466E53 /* Frameworks */,
				0E05CD2D65F51E3B7C19E908 /* iosAppTests */,
				D666BF2B0273E4C6C2E84B8B /* SyrmosWatch */,
				EBAF468AA4244E1A6FF45B64 /* LlamaSession.swift */,
				FE854D92A6C68AEAC8E0603F /* AriadneModelStore.swift */,
				3D8B4CA7955E1724CF96A1AD /* llama.xcframework */,
			);
			sourceTree = "<group>";
		};
		1A5D059E1D0EC95C67466E53 /* Frameworks */ = {
			isa = PBXGroup;
			children = (
				68A8386168BA6436C1817F77 /* iOS */,
				807C3D8B63BE38F5C25DCA23 /* watchOS */,
			);
			name = Frameworks;
			sourceTree = "<group>";
		};
		30D4D8117BDD6930DEAF1DB9 /* Stations */ = {
			isa = PBXGroup;
			children = (
				DDCB57EF47F5B2293727841A /* StationDetailView.swift */,
			);
			path = Stations;
			sourceTree = "<group>";
		};
		40A679F330FF3148AC14E1B1 /* Map */ = {
			isa = PBXGroup;
			children = (
				7FD822CADE700A3FA325710D /* MapView.swift */,
				B1C2D3E4F5A607182939AABB /* LiveStreamPlayerView.swift */,
				AA11BB22CC33DD44EE55FF67 /* StationIconNames.swift */,
			);
			path = Map;
			sourceTree = "<group>";
		};
		47615221B72C5C4C581C11A5 /* Views */ = {
			isa = PBXGroup;
			children = (
				DDCABDB1DD7B61F362465058 /* Home */,
				D86A94D82859CC3CC2167D28 /* Lines */,
				40A679F330FF3148AC14E1B1 /* Map */,
				7B19ADD08DF2697525E49E13 /* Settings */,
				30D4D8117BDD6930DEAF1DB9 /* Stations */,
			);
			path = Views;
			sourceTree = "<group>";
		};
		68A8386168BA6436C1817F77 /* iOS */ = {
			isa = PBXGroup;
			children = (
				BD63C5586DB5B3F0921AC1D6 /* Foundation.framework */,
			);
			name = iOS;
			sourceTree = "<group>";
		};
		71CEE17732FDEEE09CD923DC /* iosApp */ = {
			isa = PBXGroup;
			children = (
				AAAA000000000000000000A1 /* App */,
				AAAA000000000000000000C0 /* Core */,
				AAAA000000000000000000D0 /* DesignSystem */,
				AAAA000000000000000000F0 /* Features */,
				47615221B72C5C4C581C11A5 /* Views */,
				AAAA000000000000000000B0 /* Shared */,
				AAAA000000000000000000E0 /* Resources */,
			);
			path = iosApp;
			sourceTree = "<group>";
		};
		7B19ADD08DF2697525E49E13 /* Settings */ = {
			isa = PBXGroup;
			children = (
				836DE84E99C06ABA19E71805 /* SettingsView.swift */,
				E1A2B3C4D5E60718293A4C71 /* ContactDeveloperView.swift */,
				E1A2B3C4D5E60718293A4E91 /* StasyMapView.swift */,
			);
			path = Settings;
			sourceTree = "<group>";
		};
		807C3D8B63BE38F5C25DCA23 /* watchOS */ = {
			isa = PBXGroup;
			children = (
				0EF7A1B273F9EE8EBD309C64 /* Foundation.framework */,
			);
			name = watchOS;
			sourceTree = "<group>";
		};
		AAAA000000000000000000A1 /* App */ = {
			isa = PBXGroup;
			children = (
				287CAA4712C3ADBF08B416E3 /* iosApp/App/SyrmosApp.swift */,
			);
			name = App;
			sourceTree = "<group>";
		};
		AAAA000000000000000000B0 /* Shared */ = {
			isa = PBXGroup;
			children = (
				551315413AD2438B8C7F5FF0 /* iosApp/Shared/SafariSheet.swift */,
				C9C9AAE5D2E14B71AFAB3C2F /* iosApp/Shared/StationMapSheet.swift */,
			);
			name = Shared;
			sourceTree = "<group>";
		};
		AAAA000000000000000000C0 /* Core */ = {
			isa = PBXGroup;
			children = (
				AAAA000000000000000000C4 /* Networking */,
				AAAA000000000000000000C5 /* Persistence */,
				AAAA000000000000000000C6 /* Schedule */,
				AAAA000000000000000000C3 /* Location */,
				AAAA000000000000000000C2 /* Localization */,
				AAAA000000000000000000C1 /* Diagnostics */,
			);
			name = Core;
			sourceTree = "<group>";
		};
		AAAA000000000000000000C1 /* Diagnostics */ = {
			isa = PBXGroup;
			children = (
				D7E8F9A0B1C2D3E4F5060709 /* iosApp/Core/Diagnostics/Diagnostics.swift */,
			);
			name = Diagnostics;
			sourceTree = "<group>";
		};
		AAAA000000000000000000C2 /* Localization */ = {
			isa = PBXGroup;
			children = (
				C3D4E5F60718293A4B5C6D7E /* iosApp/Core/Localization/Localization.swift */,
			);
			name = Localization;
			sourceTree = "<group>";
		};
		AAAA000000000000000000C3 /* Location */ = {
			isa = PBXGroup;
			children = (
				BB22CC33DD44EE55FF660012 /* iosApp/Core/Location/LocationService.swift */,
				CCDD11223344556677880012 /* iosApp/Core/Notifications/NotificationService.swift */,
				CCDD11223344556677880022 /* iosApp/Core/Notifications/DeepLinkRouter.swift */,
			);
			name = Location;
			sourceTree = "<group>";
		};
		AAAA000000000000000000C4 /* Networking */ = {
			isa = PBXGroup;
			children = (
				1EF7713235D346D68B6F96E8 /* iosApp/Core/Networking/BackgroundRefresh.swift */,
				DD50BCD053B64059B6D3A243 /* iosApp/Core/Networking/WidgetBridge.swift */,
				C5D6E7F8A9B0C1D2E3F40507 /* iosApp/Core/Networking/SyrmosLinesService.swift */,
				0F174A75E7C14871B9B77CAE /* iosApp/Core/Networking/SyrmosSchedulesService.swift */,
				E1A2B3C4D5E60718293A4B5D /* iosApp/Core/Networking/SyrmosDeparturesService.swift */,
				E1A2B3C4D5E60718293A4B6F /* iosApp/Core/Networking/LivePositionsService.swift */,
				D1E2F3A4B5C6071829304142 /* iosApp/Core/Networking/STASYService.swift */,
				31E31FFAA5B22EE54B9E980E /* iosApp/Core/Networking/RailNewsService.swift */,
				A1C2D3E4F50607182930A1B2 /* iosApp/Core/Networking/AriadneAPIService.swift */,
			);
			name = Networking;
			sourceTree = "<group>";
		};
		AAAA000000000000000000C5 /* Persistence */ = {
			isa = PBXGroup;
			children = (
				5439E65484C3427EAA190AAB /* iosApp/Core/Persistence/SyrmosSchedulesStore.swift */,
				56E4CA5A03BC488B882F9BB0 /* iosApp/Core/Persistence/SyrmosFaresStore.swift */,
				F7CC446436C541DC9D86F2C1 /* iosApp/Core/Persistence/SyrmosStationOffsetsStore.swift */,
				F7CC446436C541DC9D86F2C2 /* iosApp/Core/Persistence/SyrmosRouteShapesStore.swift */,
				DDA99E493B0C4CA48ECE53BD /* iosApp/Core/Persistence/SyrmosTrainTimestampsStore.swift */,
				51972231C37146A79B5760E4 /* iosApp/Core/Persistence/SyrmosVisualOverridesStore.swift */,
			);
			name = Persistence;
			sourceTree = "<group>";
		};
		AAAA000000000000000000C6 /* Schedule */ = {
			isa = PBXGroup;
			children = (
				889F9EDE14524E2DA3F4B3B5 /* iosApp/Core/Schedule/WatchSessionManager.swift */,
				571BD2789A52441AB0C26BF2 /* iosApp/Core/Schedule/AirportData.swift */,
				395C38720CDE4C34AC7FA9AD /* iosApp/Core/Schedule/ScheduleProjector.swift */,
				AA11BB22CC33DD44EE55FF60 /* iosApp/Core/Schedule/NationalVehicleProjector.swift */,
				DA7A0002F00D0002F00D0002 /* iosApp/Core/Schedule/DataFreshness.swift */,
				DA7A0022F00D0022F00D0022 /* iosApp/Core/Schedule/DepartureTracking.swift */,
				748CC40BCBDC9D468CD371B8 /* iosApp/Core/Schedule/TransitData.swift */,
				2F0AC3ECFD5A2387CA6CFEFB /* iosApp/Core/Schedule/StationCoordinates.swift */,
			);
			name = Schedule;
			sourceTree = "<group>";
		};
		AAAA000000000000000000D0 /* DesignSystem */ = {
			isa = PBXGroup;
			children = (
				933E6F89FEA54214B1B2AE31 /* iosApp/DesignSystem/WidgetKit/DepartureRowCompact.swift */,
				D0EB6C1444B246B3AB9CF185 /* iosApp/DesignSystem/WidgetKit/StationStripFull.swift */,
				67E08E447B8F49FE84CAA194 /* iosApp/DesignSystem/WidgetKit/StationStripCompact.swift */,
				53C0854D3D8A40F9A9F267E9 /* iosApp/DesignSystem/WidgetKit/LiquidGlassTile.swift */,
				AEEEF0962C64453194C74A7D /* iosApp/DesignSystem/WidgetKit/LinePill.swift */,
				D32687A748EF4519991403D6 /* iosApp/DesignSystem/WidgetKit/SyrmosLineTokens.swift */,
				28CB0FF1A8E58A05798DED77 /* iosApp/DesignSystem/SyrmosColors.swift */,
				37E20527B3ED48E6806B8138 /* iosApp/DesignSystem/ThemeManager.swift */,
				0A17A711F00D0711F00D0711 /* iosApp/DesignSystem/OfflinePill.swift */,
				0A17A713F00D0713F00D0713 /* iosApp/DesignSystem/SyrmosAnimations.swift */,
				836DE84E99C06ABA19E71806 /* iosApp/DesignSystem/CompactTabHeader.swift */,
			);
			name = DesignSystem;
			sourceTree = "<group>";
		};
		AAAA000000000000000000E0 /* Resources */ = {
			isa = PBXGroup;
			children = (
				E3F4A5B6C7D80912A3B4C5D6 /* Assets.xcassets */,
				AABB01CD02EF030405060709 /* Resources/seed-schedules-v2 */,
				A1B2C3D4E5F60718293A4B00 /* LaunchScreen.storyboard */,
				1DF85A2E3F716D7313EC9642 /* Info.plist */,
			);
			name = Resources;
			sourceTree = "<group>";
		};
		AAAA000000000000000000F0 /* Features */ = {
			isa = PBXGroup;
			children = (
				2D67A43DD93145FBB9809123 /* iosApp/Features/WhatsNew/WhatsNewView.swift */,
				AAAA111111111111111111B0 /* Onboarding */,
				AAAA000000000000000000F2 /* Timetables */,
				AAAA000000000000000000F1 /* Fares */,
			);
			name = Features;
			sourceTree = "<group>";
		};
		AAAA000000000000000000F1 /* Fares */ = {
			isa = PBXGroup;
			children = (
				DD55D549DBE24531BEA4597D /* iosApp/Features/Fares/FaresView.swift */,
			);
			name = Fares;
			sourceTree = "<group>";
		};
		AAAA000000000000000000F2 /* Timetables */ = {
			isa = PBXGroup;
			children = (
				09288EF8307B4CDC9D065AED /* iosApp/Features/Timetables/TimetablesView.swift */,
				DBADA13AF3954288A721329B /* iosApp/Features/Timetables/TimetablesIcons.swift */,
			);
			name = Timetables;
			sourceTree = "<group>";
		};
		AAAA111111111111111111B0 /* Onboarding */ = {
			isa = PBXGroup;
			children = (
				AAAA111111111111111111B2 /* iosApp/Features/Onboarding/OnboardingView.swift */,
				DA7A0012F00D0012F00D0012 /* iosApp/Features/Assistant/AriadneParser.swift */,
				DA7A0212F00D0212F00D0212 /* iosApp/Features/Assistant/AriadneDomain.swift */,
				DA7A0A17F00D0A17F00D0A17 /* iosApp/Features/Assistant/AriadneGuided.swift */,
				B1A2C3D4E5F60718293A1B00 /* iosApp/Features/SiriIntents/SyrmosAppIntents.swift */,
				DA7A0014F00D0014F00D0014 /* iosApp/Features/Assistant/AriadneModel.swift */,
				DA7A0016F00D0016F00D0016 /* iosApp/Features/Assistant/AriadneView.swift */,
				DA7A0131F00D0131F00D0131 /* iosApp/Features/Assistant/JourneyPlanner.swift */,
				DA7A0141F00D0141F00D0141 /* iosApp/Core/Networking/WeatherStore.swift */,
				DA7A0143F00D0143F00D0143 /* iosApp/Features/Weather/WeatherCard.swift */,
				DA7A0151F00D0151F00D0151 /* iosApp/Features/Assistant/AriadneBrain.swift */,
				AAAA111111111111111111B4 /* iosApp/Features/Onboarding/OnboardingMeshBackground.swift */,
			);
			name = Onboarding;
			sourceTree = "<group>";
		};
		BB06A92CF039223743BFB2C2 /* Products */ = {
			isa = PBXGroup;
			children = (
				D19BB18628D05A667A4BD6B8 /* Syrmos.app */,
				F43D88E4E6775ADB265D3D56 /* iosAppTests.xctest */,
				DA7A0107F00D0107F00D0107 /* SyrmosWidgetExtension.appex */,
				E06C2DD61C7CF787E212BA8B /* SyrmosWatch.app */,
				0CC57A007A9CFBEF45359A28 /* SyrmosWatchComplications.appex */,
			);
			name = Products;
			sourceTree = "<group>";
		};
		D666BF2B0273E4C6C2E84B8B /* SyrmosWatch */ = {
			isa = PBXGroup;
			children = (
				89C75E63D8FD8430063F61D0 /* SyrmosWatch/SyrmosWatchApp.swift */,
				2F7F86E13C39694BA17FD740 /* SyrmosWatch/WatchContentView.swift */,
				CEF31ACE2630B3EA36DBE66E /* SyrmosWatch/WatchSpeech.swift */,
				1FE6A64F2930A00B9F04C461 /* SyrmosWatch/WatchNearbyView.swift */,
				CEEA07DD99223CD5AAE17E70 /* SyrmosWatch/WatchConnectivityProvider.swift */,
				EEBA71617E0DC88481663507 /* SyrmosWatch/WatchModels.swift */,
				B321F78C955813F66BA4C930 /* SyrmosWatch/SyrmosWatchComplications.swift */,
				292764518958617840FE187E /* SyrmosWatch/WatchModels.swift */,
				2142917C53758AAD7F295055 /* SyrmosWatch/Info.plist */,
				FF201314EADCD2EA1936941F /* SyrmosWatch/Complications-Info.plist */,
				5D9C5B3E2DBBAEE20B9A9364 /* SyrmosWatch/SyrmosWatch.entitlements */,
				C8FAA054C866F04CB39A4C07 /* SyrmosWatch/Assets.xcassets */,
			);
			path = SyrmosWatch;
			sourceTree = "<group>";
		};
		D86A94D82859CC3CC2167D28 /* Lines */ = {
			isa = PBXGroup;
			children = (
				830DD3BBB8DD51E24EE2ABE7 /* LineDetailView.swift */,
				18D0CA28E96EEF13502C887F /* LinesView.swift */,
			);
			path = Lines;
			sourceTree = "<group>";
		};
		DA7A010CF00D010CF00D010C /* SyrmosWidget */ = {
			isa = PBXGroup;
			children = (
				7FCA4BF462F847AA856D94DB /* SyrmosWidget/SyrmosWidgets.swift */,
				DA7A0110F00D0110F00D0110 /* iosApp/Core/Schedule/SyrmosTrackingAttributes.swift */,
				DA7A0112F00D0112F00D0112 /* SyrmosWidget/SyrmosWidgetBundle.swift */,
				DA7A0111F00D0111F00D0111 /* SyrmosWidget/SyrmosLiveActivity.swift */,
				DA7A0113F00D0113F00D0113 /* SyrmosWidget/Info.plist */,
			);
			name = SyrmosWidget;
			sourceTree = "<group>";
		};
		DDCABDB1DD7B61F362465058 /* Home */ = {
			isa = PBXGroup;
			children = (
				F9632839850F8DA49BA56324 /* HomeView.swift */,
				BB11CC22DD33EE44FF55B001 /* HomeSectionStore.swift */,
				BB11CC22DD33EE44FF55B002 /* HomeCustomizeSheet.swift */,
				AA11BB22CC33DD44EE55BC02 /* TrackingCardBody.swift */,
				AA11BB22CC33DD44EE55BD02 /* TrackPickerSheet.swift */,
				AA11BB22CC33DD44EE55BE02 /* EmergencyWeatherCard.swift */,
				0A17A715F00D0715F00D0715 /* AlertDetailSheet.swift */,
			);
			path = Home;
			sourceTree = "<group>";
		};
/* End PBXGroup section */

/* Begin PBXNativeTarget section */
		66F1C02D0159EDB3DE71E2EF /* Syrmos - Athens Rail Times */ = {
			isa = PBXNativeTarget;
			buildConfigurationList = B6DBA074881EBA32CC2F5013 /* Build configuration list for PBXNativeTarget "Syrmos - Athens Rail Times" */;
			buildPhases = (
				0A42AFD8C41125D573DC1B3C /* Resources */,
				123D21FB8A24EE726D99E5D7 /* Sources */,
				DA7A0108F00D0108F00D0108 /* Embed Foundation Extensions */,
				58B0A6E9B93BCF338FF901A8 /* Embed Watch Content */,
				D725414488C4406BB32AB64E /* Frameworks */,
				283F49BAA2426567F2246F74 /* Embed Frameworks */,
			);
			buildRules = (
			);
			dependencies = (
				DA7A0109F00D0109F00D0109 /* PBXTargetDependency */,
				0CF2A68D953DE39248DE861A /* PBXTargetDependency */,
			);
			name = "Syrmos - Athens Rail Times";
			productName = iosApp;
			productReference = D19BB18628D05A667A4BD6B8 /* Syrmos.app */;
			productType = "com.apple.product-type.application";
		};
		82D69F8AD066BB340078619B /* iosAppTests */ = {
			isa = PBXNativeTarget;
			buildConfigurationList = 40262D8110624DAAB9CA3BC4 /* Build configuration list for PBXNativeTarget "iosAppTests" */;
			buildPhases = (
				B5888FDE0AB4B1E7DC7B7680 /* Sources */,
				13599E823702BCCB5825D984 /* Frameworks */,
				9F9AD6CF1FD7B758EE5C2535 /* Resources */,
			);
			buildRules = (
			);
			dependencies = (
				F29B43489D4E716840D8D613 /* PBXTargetDependency */,
			);
			name = iosAppTests;
			productName = iosAppTests;
			productReference = F43D88E4E6775ADB265D3D56 /* iosAppTests.xctest */;
			productType = "com.apple.product-type.bundle.unit-test";
		};
		AA5BB4E3968F4E707DB41D61 /* SyrmosWatch */ = {
			isa = PBXNativeTarget;
			buildConfigurationList = 2A5359290A36D73542EF0646 /* Build configuration list for PBXNativeTarget "SyrmosWatch" */;
			buildPhases = (
				65DBECF841367AE749D33D5C /* Sources */,
				CF2F789277905212FB08B198 /* Frameworks */,
				0E7AA6C24D2649110FACCC88 /* Resources */,
				5CD925BA88315D8621B13E71 /* Embed Foundation Extensions */,
			);
			buildRules = (
			);
			dependencies = (
				4323A52D8D35DEA736C7FD18 /* PBXTargetDependency */,
			);
			name = SyrmosWatch;
			productName = SyrmosWatch;
			productReference = E06C2DD61C7CF787E212BA8B /* SyrmosWatch.app */;
			productType = "com.apple.product-type.application";
		};
		CEBFD2C1BD4F888C9B6CD975 /* SyrmosWatchComplications */ = {
			isa = PBXNativeTarget;
			buildConfigurationList = 9C54C136F0301150582529DC /* Build configuration list for PBXNativeTarget "SyrmosWatchComplications" */;
			buildPhases = (
				D0CC4122C0BE2A353B999C40 /* Sources */,
				C45B377FE9931BDCE9D9545E /* Frameworks */,
				941276C5DAB40AC5D303F4D3 /* Resources */,
			);
			buildRules = (
			);
			dependencies = (
			);
			name = SyrmosWatchComplications;
			productName = SyrmosWatchComplications;
			productReference = 0CC57A007A9CFBEF45359A28 /* SyrmosWatchComplications.appex */;
			productType = "com.apple.product-type.app-extension";
		};
		DA7A0100F00D0100F00D0100 /* SyrmosWidgetExtension */ = {
			isa = PBXNativeTarget;
			buildConfigurationList = DA7A0101F00D0101F00D0101 /* Build configuration list for PBXNativeTarget "SyrmosWidgetExtension" */;
			buildPhases = (
				DA7A0104F00D0104F00D0104 /* Sources */,
				DA7A0105F00D0105F00D0105 /* Frameworks */,
				DA7A0106F00D0106F00D0106 /* Resources */,
			);
			buildRules = (
			);
			dependencies = (
			);
			name = SyrmosWidgetExtension;
			productName = SyrmosWidgetExtension;
			productReference = DA7A0107F00D0107F00D0107 /* SyrmosWidgetExtension.appex */;
			productType = "com.apple.product-type.app-extension";
		};
/* End PBXNativeTarget section */

/* Begin PBXProject section */
		34F80E7D1A8AF2790098AF88 /* Project object */ = {
			isa = PBXProject;
			attributes = {
				BuildIndependentTargetsInParallel = YES;
				LastUpgradeCheck = 2620;
			};
			buildConfigurationList = 8058A39F61358BF5CBCE543C /* Build configuration list for PBXProject "Syrmos - Athens Rail Times" */;
			developmentRegion = en;
			hasScannedForEncodings = 0;
			knownRegions = (
				Base,
				en,
			);
			mainGroup = 0F0349611AD395CA7EC4A316;
			minimizedProjectReferenceProxies = 1;
			preferredProjectObjectVersion = 77;
			productRefGroup = BB06A92CF039223743BFB2C2 /* Products */;
			projectDirPath = "";
			projectRoot = "";
			targets = (
				66F1C02D0159EDB3DE71E2EF /* Syrmos - Athens Rail Times */,
				DA7A0100F00D0100F00D0100 /* SyrmosWidgetExtension */,
				82D69F8AD066BB340078619B /* iosAppTests */,
				AA5BB4E3968F4E707DB41D61 /* SyrmosWatch */,
				CEBFD2C1BD4F888C9B6CD975 /* SyrmosWatchComplications */,
			);
		};
/* End PBXProject section */

/* Begin PBXResourcesBuildPhase section */
		0A42AFD8C41125D573DC1B3C /* Resources */ = {
			isa = PBXResourcesBuildPhase;
			buildActionMask = 2147483647;
			files = (
				AABB01CD02EF030405060708 /* Resources/seed-schedules-v2 in Resources */,
				017B77BFA04BA95743C5C7EA /* Assets.xcassets in Resources */,
				A1B2C3D4E5F60718293A4B01 /* LaunchScreen.storyboard in Resources */,
			);
			runOnlyForDeploymentPostprocessing = 0;
		};
		0E7AA6C24D2649110FACCC88 /* Resources */ = {
			isa = PBXResourcesBuildPhase;
			buildActionMask = 2147483647;
			files = (
				F547F60AEDEF7EE113E77B7B /* SyrmosWatch/Assets.xcassets in Resources */,
			);
			runOnlyForDeploymentPostprocessing = 0;
		};
		941276C5DAB40AC5D303F4D3 /* Resources */ = {
			isa = PBXResourcesBuildPhase;
			buildActionMask = 2147483647;
			files = (
			);
			runOnlyForDeploymentPostprocessing = 0;
		};
		9F9AD6CF1FD7B758EE5C2535 /* Resources */ = {
			isa = PBXResourcesBuildPhase;
			buildActionMask = 2147483647;
			files = (
			);
			runOnlyForDeploymentPostprocessing = 0;
		};
		DA7A0106F00D0106F00D0106 /* Resources */ = {
			isa = PBXResourcesBuildPhase;
			buildActionMask = 2147483647;
			files = (
				0FC202D00E8A46C389296714 /* Resources/seed-schedules-v2 in Resources */,
			);
			runOnlyForDeploymentPostprocessing = 0;
		};
/* End PBXResourcesBuildPhase section */

/* Begin PBXSourcesBuildPhase section */
		123D21FB8A24EE726D99E5D7 /* Sources */ = {
			isa = PBXSourcesBuildPhase;
			buildActionMask = 2147483647;
			files = (
				9C1FEB967B3B4F0897AC98ED /* iosApp/Core/Networking/BackgroundRefresh.swift in Sources */,
				2AC047F768ED40C49CDCC90B /* iosApp/Core/Networking/WidgetBridge.swift in Sources */,
				8F1DB37A07CE4F4E877F3E52 /* iosApp/Core/Schedule/WatchSessionManager.swift in Sources */,
				C173574BC2DC4C0F9D5C159E /* iosApp/DesignSystem/WidgetKit/DepartureRowCompact.swift in Sources */,
				E44EAEAEE0954E9F8735761E /* iosApp/DesignSystem/WidgetKit/StationStripFull.swift in Sources */,
				A8A479D2EBC54B139122C16E /* iosApp/DesignSystem/WidgetKit/StationStripCompact.swift in Sources */,
				8FEFDAADF8474EE0AD94377E /* iosApp/DesignSystem/WidgetKit/LiquidGlassTile.swift in Sources */,
				204183F8B0D84A90A83F834D /* iosApp/DesignSystem/WidgetKit/LinePill.swift in Sources */,
				736E6FA5879F4B30A1B60B9C /* iosApp/DesignSystem/WidgetKit/SyrmosLineTokens.swift in Sources */,
				CA564E5B6224431DAC6CC3E2 /* iosApp/Core/Schedule/AirportData.swift in Sources */,
				020B9BA01E714B238FC04496 /* iosApp/Features/WhatsNew/WhatsNewView.swift in Sources */,
				0658B8596FD64D0EB5BE30A0 /* iosApp/Features/Fares/FaresView.swift in Sources */,
				DF3C6FE39FA544239D09EE50 /* iosApp/Core/Persistence/SyrmosFaresStore.swift in Sources */,
				D4A0E928208E4D84AD520D51 /* iosApp/Core/Persistence/SyrmosStationOffsetsStore.swift in Sources */,
				D4A0E928208E4D84AD520D52 /* iosApp/Core/Persistence/SyrmosRouteShapesStore.swift in Sources */,
				26AC636F7C9B467B9097F8F6 /* iosApp/Features/Timetables/TimetablesIcons.swift in Sources */,
				470A39F895004D4CB8BC04D4 /* iosApp/Core/Persistence/SyrmosTrainTimestampsStore.swift in Sources */,
				03329116BFDB4F16A2A9B937 /* iosApp/DesignSystem/ThemeManager.swift in Sources */,
				0A17A710F00D0710F00D0710 /* iosApp/DesignSystem/OfflinePill.swift in Sources */,
				0A17A712F00D0712F00D0712 /* iosApp/DesignSystem/SyrmosAnimations.swift in Sources */,
				8A72EAE7260D46FDA05D490B /* iosApp/Shared/SafariSheet.swift in Sources */,
				4DFE1212D427449286398220 /* iosApp/Shared/StationMapSheet.swift in Sources */,
				B264406F57304E569BAAED79 /* iosApp/Features/Timetables/TimetablesView.swift in Sources */,
				AAAA111111111111111111B1 /* iosApp/Features/Onboarding/OnboardingView.swift in Sources */,
				DA7A0011F00D0011F00D0011 /* iosApp/Features/Assistant/AriadneParser.swift in Sources */,
				DA7A0211F00D0211F00D0211 /* iosApp/Features/Assistant/AriadneDomain.swift in Sources */,
				DA7A0A16F00D0A16F00D0A16 /* iosApp/Features/Assistant/AriadneGuided.swift in Sources */,
				B1A2C3D4E5F60718293A1B01 /* iosApp/Features/SiriIntents/SyrmosAppIntents.swift in Sources */,
				DA7A0013F00D0013F00D0013 /* iosApp/Features/Assistant/AriadneModel.swift in Sources */,
				DA7A0015F00D0015F00D0015 /* iosApp/Features/Assistant/AriadneView.swift in Sources */,
				DA7A0130F00D0130F00D0130 /* iosApp/Features/Assistant/JourneyPlanner.swift in Sources */,
				DA7A0140F00D0140F00D0140 /* iosApp/Core/Networking/WeatherStore.swift in Sources */,
				DA7A0142F00D0142F00D0142 /* iosApp/Features/Weather/WeatherCard.swift in Sources */,
				DA7A0150F00D0150F00D0150 /* iosApp/Features/Assistant/AriadneBrain.swift in Sources */,
				AAAA111111111111111111B3 /* iosApp/Features/Onboarding/OnboardingMeshBackground.swift in Sources */,
				03FBB75EEE74C7E43F7A609B /* iosApp/DesignSystem/CompactTabHeader.swift in Sources */,
				8218D06AFB1A4111BBE6A6BA /* iosApp/Core/Persistence/SyrmosVisualOverridesStore.swift in Sources */,
				C5D4C72817CA43BA90F02ADB /* iosApp/Core/Schedule/ScheduleProjector.swift in Sources */,
				AA11BB22CC33DD44EE55FF61 /* iosApp/Core/Schedule/NationalVehicleProjector.swift in Sources */,
				DA7A0001F00D0001F00D0001 /* iosApp/Core/Schedule/DataFreshness.swift in Sources */,
				DA7A0021F00D0021F00D0021 /* iosApp/Core/Schedule/DepartureTracking.swift in Sources */,
				DA7A0120F00D0120F00D0120 /* iosApp/Core/Schedule/SyrmosTrackingAttributes.swift in Sources */,
				3F12F021ECD240BE97B74BB9 /* iosApp/Core/Persistence/SyrmosSchedulesStore.swift in Sources */,
				002709A0C1454019B429939D /* iosApp/Core/Networking/SyrmosSchedulesService.swift in Sources */,
				E1A2B3C4D5E60718293A4B5C /* iosApp/Core/Networking/SyrmosDeparturesService.swift in Sources */,
				E1A2B3C4D5E60718293A4B6E /* iosApp/Core/Networking/LivePositionsService.swift in Sources */,
				A2AF349B478106204EC5E0A7 /* HomeView.swift in Sources */,
				BB11CC22DD33EE44FF55A001 /* HomeSectionStore.swift in Sources */,
				BB11CC22DD33EE44FF55A002 /* HomeCustomizeSheet.swift in Sources */,
				AA11BB22CC33DD44EE55BC01 /* TrackingCardBody.swift in Sources */,
				AA11BB22CC33DD44EE55BD01 /* TrackPickerSheet.swift in Sources */,
				AA11BB22CC33DD44EE55BE01 /* EmergencyWeatherCard.swift in Sources */,
				0A17A714F00D0714F00D0714 /* AlertDetailSheet.swift in Sources */,
				090D4A73C523583CAAB95EAC /* LineDetailView.swift in Sources */,
				8FD7065798C557186BA57411 /* LinesView.swift in Sources */,
				F29B88836219BB903078C5DA /* MapView.swift in Sources */,
				B1C2D3E4F5A607182939AAAA /* LiveStreamPlayerView.swift in Sources */,
				AA11BB22CC33DD44EE55FF66 /* StationIconNames.swift in Sources */,
				03FBB75EEE74C7E43F7A609A /* SettingsView.swift in Sources */,
				E1A2B3C4D5E60718293A4C70 /* ContactDeveloperView.swift in Sources */,
				E1A2B3C4D5E60718293A4E90 /* StasyMapView.swift in Sources */,
				2FDAB04CAE6E25AD392B1E99 /* iosApp/Core/Schedule/StationCoordinates.swift in Sources */,
				59B190E857ABADADF2CC90C3 /* StationDetailView.swift in Sources */,
				B3CF93A36099BA1907847163 /* iosApp/App/SyrmosApp.swift in Sources */,
				695053E938CCE178E8FEAAC9 /* iosApp/DesignSystem/SyrmosColors.swift in Sources */,
				B2C3D4E5F6071829A3B4C5D6 /* iosApp/Core/Localization/Localization.swift in Sources */,
				A1B2C3D4E5F60718192A3B4C /* iosApp/Core/Networking/STASYService.swift in Sources */,
				EEC6AA6A80ADDB9629326CDF /* iosApp/Core/Networking/RailNewsService.swift in Sources */,
				A1C2D3E4F50607182930A1B3 /* iosApp/Core/Networking/AriadneAPIService.swift in Sources */,
				BB22CC33DD44EE55FF660011 /* iosApp/Core/Location/LocationService.swift in Sources */,
				CCDD11223344556677880011 /* iosApp/Core/Notifications/NotificationService.swift in Sources */,
				CCDD11223344556677880021 /* iosApp/Core/Notifications/DeepLinkRouter.swift in Sources */,
				C5D6E7F8A9B0C1D2E3F40506 /* iosApp/Core/Networking/SyrmosLinesService.swift in Sources */,
				D7E8F9A0B1C2D3E4F5060708 /* iosApp/Core/Diagnostics/Diagnostics.swift in Sources */,
				980A534651EFC2013B8ED38F /* iosApp/Core/Schedule/TransitData.swift in Sources */,
				75F149A8840774EF3A2145D1 /* LlamaSession.swift in Sources */,
				43624A138DF31948BB4FA7F2 /* AriadneModelStore.swift in Sources */,
			);
			runOnlyForDeploymentPostprocessing = 0;
		};
		65DBECF841367AE749D33D5C /* Sources */ = {
			isa = PBXSourcesBuildPhase;
			buildActionMask = 2147483647;
			files = (
				7C684B9562B2126A07E23D4C /* SyrmosWatch/SyrmosWatchApp.swift in Sources */,
				4B9E757154C3AEF92629B854 /* SyrmosWatch/WatchContentView.swift in Sources */,
				7F9E63555C75A414D8BC9D39 /* SyrmosWatch/WatchSpeech.swift in Sources */,
				B3621A83DE8D374BF385359C /* SyrmosWatch/WatchNearbyView.swift in Sources */,
				FFDDCB33EB8ADA0BA119A64C /* SyrmosWatch/WatchConnectivityProvider.swift in Sources */,
				E36B2B66CE3FE430B935D319 /* SyrmosWatch/WatchModels.swift in Sources */,
			);
			runOnlyForDeploymentPostprocessing = 0;
		};
		B5888FDE0AB4B1E7DC7B7680 /* Sources */ = {
			isa = PBXSourcesBuildPhase;
			buildActionMask = 2147483647;
			files = (
				3CC04D0831F54B17495246AC /* ScheduleProjectorTests.swift in Sources */,
				DA7A0003F00D0003F00D0003 /* HomeFeaturesTests.swift in Sources */,
				DA7A0018F00D0018F00D0018 /* AriadneParserTests.swift in Sources */,
				ECAA824BE3E518277AB18AB6 /* NearbyStationDestinationTests.swift in Sources */,
				28B86D763BF517E19CF4DB5D /* SuburbanProjectionTests.swift in Sources */,
			);
			runOnlyForDeploymentPostprocessing = 0;
		};
		D0CC4122C0BE2A353B999C40 /* Sources */ = {
			isa = PBXSourcesBuildPhase;
			buildActionMask = 2147483647;
			files = (
				AB532D96B1C7F1C32AE17B06 /* SyrmosWatch/SyrmosWatchComplications.swift in Sources */,
				A3EA76BA0F7C855E281D4342 /* SyrmosWatch/WatchModels.swift in Sources */,
			);
			runOnlyForDeploymentPostprocessing = 0;
		};
		DA7A0104F00D0104F00D0104 /* Sources */ = {
			isa = PBXSourcesBuildPhase;
			buildActionMask = 2147483647;
			files = (
				BB96CED5F61B446CBA6D87C5 /* iosApp/DesignSystem/WidgetKit/DepartureRowCompact.swift in Sources */,
				562D2C66362545CB97D3E515 /* iosApp/DesignSystem/WidgetKit/StationStripFull.swift in Sources */,
				AE7DE0584EF948EFB5BB3FC1 /* iosApp/DesignSystem/WidgetKit/StationStripCompact.swift in Sources */,
				68F1F7047DBA43CC970CCF92 /* iosApp/DesignSystem/WidgetKit/LiquidGlassTile.swift in Sources */,
				DB4E28495C2C4563A4A26795 /* iosApp/DesignSystem/WidgetKit/LinePill.swift in Sources */,
				FAB11EB401D5464F9E009564 /* iosApp/DesignSystem/WidgetKit/SyrmosLineTokens.swift in Sources */,
				726F4319319A4CEF912673CB /* iosApp/Core/Persistence/SyrmosRouteShapesStore.swift in Sources */,
				7469233EA00146DB9444F7BB /* iosApp/Core/Networking/LivePositionsService.swift in Sources */,
				EDBF9D088F0A46CF90DFAE6B /* iosApp/Core/Schedule/DataFreshness.swift in Sources */,
				B0F1906F29BD4E9FB9B33721 /* iosApp/DesignSystem/SyrmosColors.swift in Sources */,
				B100649A9FE24D65B49698FC /* iosApp/Core/Localization/Localization.swift in Sources */,
				80408BB654634CB9A5BEFE52 /* iosApp/Core/Schedule/AirportData.swift in Sources */,
				37F4634210E64A09819E5A76 /* iosApp/Core/Persistence/SyrmosStationOffsetsStore.swift in Sources */,
				BCB2D8DDE0D14B2D8664EC16 /* iosApp/Core/Persistence/SyrmosSchedulesStore.swift in Sources */,
				691E35E631ED478590A0F25F /* iosApp/Core/Networking/SyrmosSchedulesService.swift in Sources */,
				7BA0F0893BD64501A7EAC5A1 /* iosApp/Core/Schedule/StationCoordinates.swift in Sources */,
				D10CE67C95FA4662AB0D160F /* iosApp/Core/Schedule/TransitData.swift in Sources */,
				E6BB2EE245424B80AE4241AF /* iosApp/Core/Schedule/ScheduleProjector.swift in Sources */,
				AA11BB22CC33DD44EE55FF62 /* iosApp/Core/Schedule/NationalVehicleProjector.swift in Sources */,
				AC74A75A5E7742A6A2AC71B3 /* SyrmosWidget/SyrmosWidgets.swift in Sources */,
				DA7A0121F00D0121F00D0121 /* iosApp/Core/Schedule/SyrmosTrackingAttributes.swift in Sources */,
				DA7A0122F00D0122F00D0122 /* SyrmosWidget/SyrmosLiveActivity.swift in Sources */,
				DA7A0123F00D0123F00D0123 /* SyrmosWidget/SyrmosWidgetBundle.swift in Sources */,
			);
			runOnlyForDeploymentPostprocessing = 0;
		};
/* End PBXSourcesBuildPhase section */

/* Begin PBXTargetDependency section */
		0CF2A68D953DE39248DE861A /* PBXTargetDependency */ = {
			isa = PBXTargetDependency;
			name = SyrmosWatch;
			target = AA5BB4E3968F4E707DB41D61 /* SyrmosWatch */;
			targetProxy = 672DCE2DE4A84FAF65EA704F /* PBXContainerItemProxy */;
		};
		4323A52D8D35DEA736C7FD18 /* PBXTargetDependency */ = {
			isa = PBXTargetDependency;
			name = SyrmosWatchComplications;
			target = CEBFD2C1BD4F888C9B6CD975 /* SyrmosWatchComplications */;
			targetProxy = 2D156381915E9E6E1339FE65 /* PBXContainerItemProxy */;
		};
		DA7A0109F00D0109F00D0109 /* PBXTargetDependency */ = {
			isa = PBXTargetDependency;
			target = DA7A0100F00D0100F00D0100 /* SyrmosWidgetExtension */;
			targetProxy = DA7A010AF00D010AF00D010A /* PBXContainerItemProxy */;
		};
		F29B43489D4E716840D8D613 /* PBXTargetDependency */ = {
			isa = PBXTargetDependency;
			name = "Syrmos - Athens Rail Times";
			target = 66F1C02D0159EDB3DE71E2EF /* Syrmos - Athens Rail Times */;
			targetProxy = 21912304B970C42264D51A6E /* PBXContainerItemProxy */;
		};
/* End PBXTargetDependency section */

/* Begin XCBuildConfiguration section */
		1B3319A8A28F9E5824A6FDD9 /* Release */ = {
			isa = XCBuildConfiguration;
			buildSettings = {
				CODE_SIGN_ENTITLEMENTS = SyrmosWatch/SyrmosWatch.entitlements;
				CODE_SIGN_STYLE = Automatic;
				CURRENT_PROJECT_VERSION = 116;
				DEVELOPMENT_TEAM = YTS4KJBX3P;
				ENABLE_PREVIEWS = YES;
				GENERATE_INFOPLIST_FILE = NO;
				INFOPLIST_FILE = "SyrmosWatch/Complications-Info.plist";
				MARKETING_VERSION = 2.0.0;
				PRODUCT_BUNDLE_IDENTIFIER = com.syrmosApp.ios.watchkitapp.complications;
				PRODUCT_NAME = "$(TARGET_NAME)";
				SDKROOT = watchos;
				SKIP_INSTALL = YES;
				SWIFT_VERSION = 5.0;
				TARGETED_DEVICE_FAMILY = 4;
				VALIDATE_PRODUCT = YES;
				WATCHOS_DEPLOYMENT_TARGET = 10.0;
			};
			name = Release;
		};
		4EC7198920EF715711B7745B /* Debug */ = {
			isa = XCBuildConfiguration;
			buildSettings = {
				BUNDLE_LOADER = "$(TEST_HOST)";
				CLANG_ENABLE_OBJC_WEAK = NO;
				CODE_SIGN_STYLE = Automatic;
				GENERATE_INFOPLIST_FILE = YES;
				INFOPLIST_FILE = iosAppTests/Info.plist;
				IPHONEOS_DEPLOYMENT_TARGET = 17.0;
				PRODUCT_BUNDLE_IDENTIFIER = com.syrmosApp.ios.tests;
				SDKROOT = iphoneos;
				SWIFT_VERSION = 5.0;
				TEST_HOST = "$(BUILT_PRODUCTS_DIR)/Syrmos.app/$(BUNDLE_EXECUTABLE_FOLDER_PATH)/Syrmos";
			};
			name = Debug;
		};
		78A943D70C8845DD26C721BF /* Release */ = {
			isa = XCBuildConfiguration;
			buildSettings = {
				BUNDLE_LOADER = "$(TEST_HOST)";
				CLANG_ENABLE_OBJC_WEAK = NO;
				CODE_SIGN_STYLE = Automatic;
				GENERATE_INFOPLIST_FILE = YES;
				INFOPLIST_FILE = iosAppTests/Info.plist;
				IPHONEOS_DEPLOYMENT_TARGET = 17.0;
				PRODUCT_BUNDLE_IDENTIFIER = com.syrmosApp.ios.tests;
				SDKROOT = iphoneos;
				SWIFT_VERSION = 5.0;
				TEST_HOST = "$(BUILT_PRODUCTS_DIR)/Syrmos.app/$(BUNDLE_EXECUTABLE_FOLDER_PATH)/Syrmos";
				VALIDATE_PRODUCT = YES;
			};
			name = Release;
		};
		852CC85B2E65EBF791201246 /* Debug */ = {
			isa = XCBuildConfiguration;
			buildSettings = {
				ALWAYS_SEARCH_USER_PATHS = NO;
				CLANG_ANALYZER_NONNULL = YES;
				CLANG_ANALYZER_NUMBER_OBJECT_CONVERSION = YES_AGGRESSIVE;
				CLANG_CXX_LANGUAGE_STANDARD = "gnu++14";
				CLANG_CXX_LIBRARY = "libc++";
				CLANG_ENABLE_MODULES = YES;
				CLANG_ENABLE_OBJC_ARC = YES;
				CLANG_ENABLE_OBJC_WEAK = YES;
				CLANG_WARN_BLOCK_CAPTURE_AUTORELEASING = YES;
				CLANG_WARN_BOOL_CONVERSION = YES;
				CLANG_WARN_COMMA = YES;
				CLANG_WARN_CONSTANT_CONVERSION = YES;
				CLANG_WARN_DEPRECATED_OBJC_IMPLEMENTATIONS = YES;
				CLANG_WARN_DIRECT_OBJC_ISA_USAGE = YES_ERROR;
				CLANG_WARN_DOCUMENTATION_COMMENTS = YES;
				CLANG_WARN_EMPTY_BODY = YES;
				CLANG_WARN_ENUM_CONVERSION = YES;
				CLANG_WARN_INFINITE_RECURSION = YES;
				CLANG_WARN_INT_CONVERSION = YES;
				CLANG_WARN_NON_LITERAL_NULL_CONVERSION = YES;
				CLANG_WARN_OBJC_IMPLICIT_RETAIN_SELF = YES;
				CLANG_WARN_OBJC_LITERAL_CONVERSION = YES;
				CLANG_WARN_OBJC_ROOT_CLASS = YES_ERROR;
				CLANG_WARN_QUOTED_INCLUDE_IN_FRAMEWORK_HEADER = YES;
				CLANG_WARN_RANGE_LOOP_ANALYSIS = YES;
				CLANG_WARN_STRICT_PROTOTYPES = YES;
				CLANG_WARN_SUSPICIOUS_MOVE = YES;
				CLANG_WARN_UNGUARDED_AVAILABILITY = YES_AGGRESSIVE;
				CLANG_WARN_UNREACHABLE_CODE = YES;
				CLANG_WARN__DUPLICATE_METHOD_MATCH = YES;
				COPY_PHASE_STRIP = NO;
				DEBUG_INFORMATION_FORMAT = dwarf;
				DEVELOPMENT_TEAM = YTS4KJBX3P;
				ENABLE_STRICT_OBJC_MSGSEND = YES;
				ENABLE_TESTABILITY = YES;
				ENABLE_USER_SCRIPT_SANDBOXING = YES;
				GCC_C_LANGUAGE_STANDARD = gnu11;
				GCC_DYNAMIC_NO_PIC = NO;
				GCC_NO_COMMON_BLOCKS = YES;
				GCC_OPTIMIZATION_LEVEL = 0;
				GCC_PREPROCESSOR_DEFINITIONS = (
					"$(inherited)",
					"DEBUG=1",
				);
				GCC_WARN_64_TO_32_BIT_CONVERSION = YES;
				GCC_WARN_ABOUT_RETURN_TYPE = YES_ERROR;
				GCC_WARN_UNDECLARED_SELECTOR = YES;
				GCC_WARN_UNINITIALIZED_AUTOS = YES_AGGRESSIVE;
				GCC_WARN_UNUSED_FUNCTION = YES;
				GCC_WARN_UNUSED_VARIABLE = YES;
				IPHONEOS_DEPLOYMENT_TARGET = 17.0;
				MTL_ENABLE_DEBUG_INFO = INCLUDE_SOURCE;
				MTL_FAST_MATH = YES;
				ONLY_ACTIVE_ARCH = YES;
				PRODUCT_NAME = "$(TARGET_NAME)";
				SDKROOT = iphoneos;
				STRING_CATALOG_GENERATE_SYMBOLS = YES;
				SWIFT_ACTIVE_COMPILATION_CONDITIONS = DEBUG;
				SWIFT_OPTIMIZATION_LEVEL = "-Onone";
				SWIFT_VERSION = 5.0;
			};
			name = Debug;
		};
		91D7D353F320A7C5B0F3FDAC /* Debug */ = {
			isa = XCBuildConfiguration;
			buildSettings = {
				ASSETCATALOG_COMPILER_APPICON_NAME = AppIcon;
				ASSETCATALOG_COMPILER_INCLUDE_ALL_APPICON_ASSETS = NO;
				CODE_SIGN_ENTITLEMENTS = iosApp/Syrmos.entitlements;
				CODE_SIGN_IDENTITY = "iPhone Developer";
				CURRENT_PROJECT_VERSION = 116;
				FRAMEWORK_SEARCH_PATHS = (
					"$(inherited)",
					"$(SRCROOT)/Frameworks",
				);
				HEADER_SEARCH_PATHS = (
					"$(inherited)",
					"$(SRCROOT)/Frameworks/llama-headers",
				);
				INFOPLIST_FILE = iosApp/Info.plist;
				INFOPLIST_KEY_CFBundleDisplayName = "Syrmos - Athens Rail Times";
				INFOPLIST_KEY_LSApplicationCategoryType = "public.app-category.navigation";
				LD_RUNPATH_SEARCH_PATHS = (
					"$(inherited)",
					"@executable_path/Frameworks",
					"$(inherited) @executable_path/Frameworks",
				);
				MARKETING_VERSION = 2.0.0;
				OTHER_LDFLAGS = (
					"$(inherited)",
					"-lc++",
					"-framework",
					Accelerate,
				);
				PRODUCT_BUNDLE_IDENTIFIER = com.syrmosApp.ios;
				PRODUCT_NAME = Syrmos;
				SDKROOT = iphoneos;
				SWIFT_OBJC_BRIDGING_HEADER = "iosApp/Syrmos-Bridging-Header.h";
				SWIFT_VERSION = 6.0;
				TARGETED_DEVICE_FAMILY = "1,2";
			};
			name = Debug;
		};
		96B72356F4FF679452AECFBD /* Debug */ = {
			isa = XCBuildConfiguration;
			buildSettings = {
				ALWAYS_EMBED_SWIFT_STANDARD_LIBRARIES = YES;
				ASSETCATALOG_COMPILER_APPICON_NAME = AppIcon;
				ASSETCATALOG_COMPILER_GLOBAL_ACCENT_COLOR_NAME = AccentColor;
				CODE_SIGN_ENTITLEMENTS = SyrmosWatch/SyrmosWatch.entitlements;
				CODE_SIGN_STYLE = Automatic;
				CURRENT_PROJECT_VERSION = 116;
				DEVELOPMENT_TEAM = YTS4KJBX3P;
				ENABLE_PREVIEWS = YES;
				GENERATE_INFOPLIST_FILE = NO;
				INFOPLIST_FILE = SyrmosWatch/Info.plist;
				MARKETING_VERSION = 2.0.0;
				PRODUCT_BUNDLE_IDENTIFIER = com.syrmosApp.ios.watchkitapp;
				PRODUCT_NAME = "$(TARGET_NAME)";
				SDKROOT = watchos;
				SKIP_INSTALL = YES;
				SWIFT_VERSION = 5.0;
				TARGETED_DEVICE_FAMILY = 4;
				WATCHOS_DEPLOYMENT_TARGET = 10.0;
			};
			name = Debug;
		};
		9D2A2EDC842D96F4A897470B /* Debug */ = {
			isa = XCBuildConfiguration;
			buildSettings = {
				CODE_SIGN_ENTITLEMENTS = SyrmosWatch/SyrmosWatch.entitlements;
				CODE_SIGN_STYLE = Automatic;
				CURRENT_PROJECT_VERSION = 116;
				DEVELOPMENT_TEAM = YTS4KJBX3P;
				ENABLE_PREVIEWS = YES;
				GENERATE_INFOPLIST_FILE = NO;
				INFOPLIST_FILE = "SyrmosWatch/Complications-Info.plist";
				MARKETING_VERSION = 2.0.0;
				PRODUCT_BUNDLE_IDENTIFIER = com.syrmosApp.ios.watchkitapp.complications;
				PRODUCT_NAME = "$(TARGET_NAME)";
				SDKROOT = watchos;
				SKIP_INSTALL = YES;
				SWIFT_VERSION = 5.0;
				TARGETED_DEVICE_FAMILY = 4;
				WATCHOS_DEPLOYMENT_TARGET = 10.0;
			};
			name = Debug;
		};
		BFF757E8F0FFB48C82662AB5 /* Release */ = {
			isa = XCBuildConfiguration;
			buildSettings = {
				ASSETCATALOG_COMPILER_APPICON_NAME = AppIcon;
				ASSETCATALOG_COMPILER_INCLUDE_ALL_APPICON_ASSETS = NO;
				CODE_SIGN_ENTITLEMENTS = iosApp/Syrmos.entitlements;
				CODE_SIGN_IDENTITY = "iPhone Developer";
				CURRENT_PROJECT_VERSION = 116;
				FRAMEWORK_SEARCH_PATHS = (
					"$(inherited)",
					"$(SRCROOT)/Frameworks",
				);
				HEADER_SEARCH_PATHS = (
					"$(inherited)",
					"$(SRCROOT)/Frameworks/llama-headers",
				);
				INFOPLIST_FILE = iosApp/Info.plist;
				INFOPLIST_KEY_CFBundleDisplayName = "Syrmos - Athens Rail Times";
				INFOPLIST_KEY_LSApplicationCategoryType = "public.app-category.navigation";
				LD_RUNPATH_SEARCH_PATHS = (
					"$(inherited)",
					"@executable_path/Frameworks",
					"$(inherited) @executable_path/Frameworks",
				);
				MARKETING_VERSION = 2.0.0;
				OTHER_LDFLAGS = (
					"$(inherited)",
					"-lc++",
					"-framework",
					Accelerate,
				);
				PRODUCT_BUNDLE_IDENTIFIER = com.syrmosApp.ios;
				PRODUCT_NAME = Syrmos;
				SDKROOT = iphoneos;
				SWIFT_OBJC_BRIDGING_HEADER = "iosApp/Syrmos-Bridging-Header.h";
				SWIFT_VERSION = 6.0;
				TARGETED_DEVICE_FAMILY = "1,2";
			};
			name = Release;
		};
		D54EC73C8C1889B7929E5842 /* Release */ = {
			isa = XCBuildConfiguration;
			buildSettings = {
				ALWAYS_SEARCH_USER_PATHS = NO;
				CLANG_ANALYZER_NONNULL = YES;
				CLANG_ANALYZER_NUMBER_OBJECT_CONVERSION = YES_AGGRESSIVE;
				CLANG_CXX_LANGUAGE_STANDARD = "gnu++14";
				CLANG_CXX_LIBRARY = "libc++";
				CLANG_ENABLE_MODULES = YES;
				CLANG_ENABLE_OBJC_ARC = YES;
				CLANG_ENABLE_OBJC_WEAK = YES;
				CLANG_WARN_BLOCK_CAPTURE_AUTORELEASING = YES;
				CLANG_WARN_BOOL_CONVERSION = YES;
				CLANG_WARN_COMMA = YES;
				CLANG_WARN_CONSTANT_CONVERSION = YES;
				CLANG_WARN_DEPRECATED_OBJC_IMPLEMENTATIONS = YES;
				CLANG_WARN_DIRECT_OBJC_ISA_USAGE = YES_ERROR;
				CLANG_WARN_DOCUMENTATION_COMMENTS = YES;
				CLANG_WARN_EMPTY_BODY = YES;
				CLANG_WARN_ENUM_CONVERSION = YES;
				CLANG_WARN_INFINITE_RECURSION = YES;
				CLANG_WARN_INT_CONVERSION = YES;
				CLANG_WARN_NON_LITERAL_NULL_CONVERSION = YES;
				CLANG_WARN_OBJC_IMPLICIT_RETAIN_SELF = YES;
				CLANG_WARN_OBJC_LITERAL_CONVERSION = YES;
				CLANG_WARN_OBJC_ROOT_CLASS = YES_ERROR;
				CLANG_WARN_QUOTED_INCLUDE_IN_FRAMEWORK_HEADER = YES;
				CLANG_WARN_RANGE_LOOP_ANALYSIS = YES;
				CLANG_WARN_STRICT_PROTOTYPES = YES;
				CLANG_WARN_SUSPICIOUS_MOVE = YES;
				CLANG_WARN_UNGUARDED_AVAILABILITY = YES_AGGRESSIVE;
				CLANG_WARN_UNREACHABLE_CODE = YES;
				CLANG_WARN__DUPLICATE_METHOD_MATCH = YES;
				COPY_PHASE_STRIP = NO;
				DEBUG_INFORMATION_FORMAT = "dwarf-with-dsym";
				DEVELOPMENT_TEAM = YTS4KJBX3P;
				ENABLE_NS_ASSERTIONS = NO;
				ENABLE_STRICT_OBJC_MSGSEND = YES;
				ENABLE_USER_SCRIPT_SANDBOXING = YES;
				GCC_C_LANGUAGE_STANDARD = gnu11;
				GCC_NO_COMMON_BLOCKS = YES;
				GCC_WARN_64_TO_32_BIT_CONVERSION = YES;
				GCC_WARN_ABOUT_RETURN_TYPE = YES_ERROR;
				GCC_WARN_UNDECLARED_SELECTOR = YES;
				GCC_WARN_UNINITIALIZED_AUTOS = YES_AGGRESSIVE;
				GCC_WARN_UNUSED_FUNCTION = YES;
				GCC_WARN_UNUSED_VARIABLE = YES;
				IPHONEOS_DEPLOYMENT_TARGET = 17.0;
				MTL_ENABLE_DEBUG_INFO = NO;
				MTL_FAST_MATH = YES;
				PRODUCT_NAME = "$(TARGET_NAME)";
				SDKROOT = iphoneos;
				STRING_CATALOG_GENERATE_SYMBOLS = YES;
				SWIFT_COMPILATION_MODE = wholemodule;
				SWIFT_OPTIMIZATION_LEVEL = "-O";
				SWIFT_VERSION = 5.0;
			};
			name = Release;
		};
		DA7A0102F00D0102F00D0102 /* Debug */ = {
			isa = XCBuildConfiguration;
			buildSettings = {
				ASSETCATALOG_COMPILER_GENERATE_SWIFT_ASSET_SYMBOL_EXTENSIONS = YES;
				CODE_SIGN_ENTITLEMENTS = SyrmosWidget/SyrmosWidget.entitlements;
				CODE_SIGN_STYLE = Automatic;
				CURRENT_PROJECT_VERSION = 116;
				DEVELOPMENT_TEAM = YTS4KJBX3P;
				GENERATE_INFOPLIST_FILE = YES;
				INFOPLIST_FILE = SyrmosWidget/Info.plist;
				INFOPLIST_KEY_CFBundleDisplayName = Syrmos;
				INFOPLIST_KEY_NSHumanReadableCopyright = "";
				IPHONEOS_DEPLOYMENT_TARGET = 17.0;
				LD_RUNPATH_SEARCH_PATHS = (
					"$(inherited)",
					"@executable_path/Frameworks",
					"@executable_path/../../Frameworks",
				);
				MARKETING_VERSION = 2.0.0;
				PRODUCT_BUNDLE_IDENTIFIER = com.syrmosApp.ios.SyrmosWidget;
				PRODUCT_NAME = "$(TARGET_NAME)";
				SDKROOT = iphoneos;
				SKIP_INSTALL = YES;
				SWIFT_EMIT_LOC_STRINGS = YES;
				SWIFT_VERSION = 5.0;
				TARGETED_DEVICE_FAMILY = "1,2";
			};
			name = Debug;
		};
		DA7A0103F00D0103F00D0103 /* Release */ = {
			isa = XCBuildConfiguration;
			buildSettings = {
				ASSETCATALOG_COMPILER_GENERATE_SWIFT_ASSET_SYMBOL_EXTENSIONS = YES;
				CODE_SIGN_ENTITLEMENTS = SyrmosWidget/SyrmosWidget.entitlements;
				CODE_SIGN_STYLE = Automatic;
				CURRENT_PROJECT_VERSION = 116;
				DEVELOPMENT_TEAM = YTS4KJBX3P;
				GENERATE_INFOPLIST_FILE = YES;
				INFOPLIST_FILE = SyrmosWidget/Info.plist;
				INFOPLIST_KEY_CFBundleDisplayName = Syrmos;
				INFOPLIST_KEY_NSHumanReadableCopyright = "";
				IPHONEOS_DEPLOYMENT_TARGET = 17.0;
				LD_RUNPATH_SEARCH_PATHS = (
					"$(inherited)",
					"@executable_path/Frameworks",
					"@executable_path/../../Frameworks",
				);
				MARKETING_VERSION = 2.0.0;
				PRODUCT_BUNDLE_IDENTIFIER = com.syrmosApp.ios.SyrmosWidget;
				PRODUCT_NAME = "$(TARGET_NAME)";
				SDKROOT = iphoneos;
				SKIP_INSTALL = YES;
				SWIFT_EMIT_LOC_STRINGS = YES;
				SWIFT_VERSION = 5.0;
				TARGETED_DEVICE_FAMILY = "1,2";
			};
			name = Release;
		};
		DBE7B08CA3A2905317786DD5 /* Release */ = {
			isa = XCBuildConfiguration;
			buildSettings = {
				ALWAYS_EMBED_SWIFT_STANDARD_LIBRARIES = YES;
				ASSETCATALOG_COMPILER_APPICON_NAME = AppIcon;
				ASSETCATALOG_COMPILER_GLOBAL_ACCENT_COLOR_NAME = AccentColor;
				CODE_SIGN_ENTITLEMENTS = SyrmosWatch/SyrmosWatch.entitlements;
				CODE_SIGN_STYLE = Automatic;
				CURRENT_PROJECT_VERSION = 116;
				DEVELOPMENT_TEAM = YTS4KJBX3P;
				ENABLE_PREVIEWS = YES;
				GENERATE_INFOPLIST_FILE = NO;
				INFOPLIST_FILE = SyrmosWatch/Info.plist;
				MARKETING_VERSION = 2.0.0;
				PRODUCT_BUNDLE_IDENTIFIER = com.syrmosApp.ios.watchkitapp;
				PRODUCT_NAME = "$(TARGET_NAME)";
				SDKROOT = watchos;
				SKIP_INSTALL = YES;
				SWIFT_VERSION = 5.0;
				TARGETED_DEVICE_FAMILY = 4;
				VALIDATE_PRODUCT = YES;
				WATCHOS_DEPLOYMENT_TARGET = 10.0;
			};
			name = Release;
		};
/* End XCBuildConfiguration section */

/* Begin XCConfigurationList section */
		2A5359290A36D73542EF0646 /* Build configuration list for PBXNativeTarget "SyrmosWatch" */ = {
			isa = XCConfigurationList;
			buildConfigurations = (
				DBE7B08CA3A2905317786DD5 /* Release */,
				96B72356F4FF679452AECFBD /* Debug */,
			);
			defaultConfigurationIsVisible = 0;
			defaultConfigurationName = Release;
		};
		40262D8110624DAAB9CA3BC4 /* Build configuration list for PBXNativeTarget "iosAppTests" */ = {
			isa = XCConfigurationList;
			buildConfigurations = (
				78A943D70C8845DD26C721BF /* Release */,
				4EC7198920EF715711B7745B /* Debug */,
			);
			defaultConfigurationIsVisible = 0;
			defaultConfigurationName = Release;
		};
		8058A39F61358BF5CBCE543C /* Build configuration list for PBXProject "Syrmos - Athens Rail Times" */ = {
			isa = XCConfigurationList;
			buildConfigurations = (
				852CC85B2E65EBF791201246 /* Debug */,
				D54EC73C8C1889B7929E5842 /* Release */,
			);
			defaultConfigurationIsVisible = 0;
			defaultConfigurationName = Debug;
		};
		9C54C136F0301150582529DC /* Build configuration list for PBXNativeTarget "SyrmosWatchComplications" */ = {
			isa = XCConfigurationList;
			buildConfigurations = (
				1B3319A8A28F9E5824A6FDD9 /* Release */,
				9D2A2EDC842D96F4A897470B /* Debug */,
			);
			defaultConfigurationIsVisible = 0;
			defaultConfigurationName = Release;
		};
		B6DBA074881EBA32CC2F5013 /* Build configuration list for PBXNativeTarget "Syrmos - Athens Rail Times" */ = {
			isa = XCConfigurationList;
			buildConfigurations = (
				91D7D353F320A7C5B0F3FDAC /* Debug */,
				BFF757E8F0FFB48C82662AB5 /* Release */,
			);
			defaultConfigurationIsVisible = 0;
			defaultConfigurationName = Debug;
		};
		DA7A0101F00D0101F00D0101 /* Build configuration list for PBXNativeTarget "SyrmosWidgetExtension" */ = {
			isa = XCConfigurationList;
			buildConfigurations = (
				DA7A0102F00D0102F00D0102 /* Debug */,
				DA7A0103F00D0103F00D0103 /* Release */,
			);
			defaultConfigurationIsVisible = 0;
			defaultConfigurationName = Debug;
		};
/* End XCConfigurationList section */
	};
	rootObject = 34F80E7D1A8AF2790098AF88 /* Project object */;
}
